Microsoft Visual Studio Solution File, Format Version 12.00
# Visual Studio Version 17
VisualStudioVersion = 17.0.31903.59
MinimumVisualStudioVersion = 10.0.40219.1
Project("{9A19103F-16F7-4668-BE54-9A1E7A4F7556}") = "Epoxy.Wpf", "src\Epoxy.Wpf\Epoxy.Wpf.csproj", "{1B625B4E-7DBB-45F3-B095-B8016CC592CE}"
EndProject
Project("{9A19103F-16F7-4668-BE54-9A1E7A4F7556}") = "Epoxy.Xamarin.Forms", "src\Epoxy.Xamarin.Forms\Epoxy.Xamarin.Forms.csproj", "{15B90169-2BDF-45FA-ACDB-A45AAD6F3CCA}"
EndProject
Project("{9A19103F-16F7-4668-BE54-9A1E7A4F7556}") = "Epoxy.Avalonia", "src\Epoxy.Avalonia\Epoxy.Avalonia.csproj", "{32ABAA5B-2465-4FE8-8446-7BC7CEC16123}"
EndProject
Project("{9A19103F-16F7-4668-BE54-9A1E7A4F7556}") = "Epoxy.Core.Wpf", "src\Epoxy.Core.Wpf\Epoxy.Core.Wpf.csproj", "{C0A15D5B-C338-4306-9C2B-CE7E6AB50DE1}"
EndProject
Project("{9A19103F-16F7-4668-BE54-9A1E7A4F7556}") = "Epoxy.Core.Xamarin.Forms", "src\Epoxy.Core.Xamarin.Forms\Epoxy.Core.Xamarin.Forms.csproj", "{494DDC01-9BCD-4CE6-B5B6-58F97BD1346C}"
EndProject
Project("{9A19103F-16F7-4668-BE54-9A1E7A4F7556}") = "Epoxy.Core.Avalonia", "src\Epoxy.Core.Avalonia\Epoxy.Core.Avalonia.csproj", "{037C4C66-0ED1-46EF-8AFA-9FF81205E318}"
EndProject
Project("{6EC3EE1D-3C4E-46DD-8F32-0CC8E7565705}") = "FSharp.Epoxy.Wpf", "src\FSharp.Epoxy.Wpf\FSharp.Epoxy.Wpf.fsproj", "{C4EE5059-5F8D-40CD-97EA-F450A3CEDF6D}"
EndProject
Project("{6EC3EE1D-3C4E-46DD-8F32-0CC8E7565705}") = "FSharp.Epoxy.Avalonia", "src\FSharp.Epoxy.Avalonia\FSharp.Epoxy.Avalonia.fsproj", "{E0E32D7E-E274-418B-9DB2-D4E03AE46E1A}"
EndProject
Project("{9A19103F-16F7-4668-BE54-9A1E7A4F7556}") = "Epoxy.Templates", "templates\Epoxy.Templates.csproj", "{31223F7E-506F-4FD2-905B-9C9D75DBDFB6}"
EndProject
Project("{9A19103F-16F7-4668-BE54-9A1E7A4F7556}") = "Epoxy.Build", "src\Epoxy.Build\Epoxy.Build.csproj", "{BF5976C8-2143-4769-A029-0B1C64B18F81}"
EndProject
Project("{2150E333-8FDC-42A3-9474-1A3956D46DE8}") = "tests", "tests", "{0B980574-EA76-4524-A6A0-37E36163823A}"
EndProject
Project("{9A19103F-16F7-4668-BE54-9A1E7A4F7556}") = "Epoxy.Build.Tests", "tests\Epoxy.Build.Tests\Epoxy.Build.Tests.csproj", "{E2CEE984-3D12-4A23-989D-A22FCC6669EC}"
	ProjectSection(ProjectDependencies) = postProject
		{5F77F90B-BAED-41D4-9739-5E7A116644EB} = {5F77F90B-BAED-41D4-9739-5E7A116644EB}
		{65F8328B-F797-49B7-BED9-4318EFB3FF04} = {65F8328B-F797-49B7-BED9-4318EFB3FF04}
	EndProjectSection
EndProject
Project("{9A19103F-16F7-4668-BE54-9A1E7A4F7556}") = "Epoxy.Build.TestTargets", "tests\Epoxy.Build.TestTargets\Epoxy.Build.TestTargets.csproj", "{5F77F90B-BAED-41D4-9739-5E7A116644EB}"
EndProject
Project("{6EC3EE1D-3C4E-46DD-8F32-0CC8E7565705}") = "FSharp.Epoxy.Build.TestTargets", "tests\FSharp.Epoxy.Build.TestTargets\FSharp.Epoxy.Build.TestTargets.fsproj", "{65F8328B-F797-49B7-BED9-4318EFB3FF04}"
EndProject
Project("{9A19103F-16F7-4668-BE54-9A1E7A4F7556}") = "Epoxy.Core.OpenSilver", "src\Epoxy.Core.OpenSilver\Epoxy.Core.OpenSilver.csproj", "{ED9A8DF0-0CBB-4359-9BB2-0B2A084EF07F}"
EndProject
Project("{9A19103F-16F7-4668-BE54-9A1E7A4F7556}") = "Epoxy.OpenSilver", "src\Epoxy.OpenSilver\Epoxy.OpenSilver.csproj", "{0751CBF9-B8F7-42BD-A8E9-46837C4EEEC5}"
EndProject
Project("{6EC3EE1D-3C4E-46DD-8F32-0CC8E7565705}") = "FSharp.Epoxy.OpenSilver", "src\FSharp.Epoxy.OpenSilver\FSharp.Epoxy.OpenSilver.fsproj", "{34906041-E1A5-4D03-85C7-FBED189E0554}"
EndProject
Project("{9A19103F-16F7-4668-BE54-9A1E7A4F7556}") = "Epoxy.Core.Avalonia11", "src\Epoxy.Core.Avalonia11\Epoxy.Core.Avalonia11.csproj", "{EA439C38-68F7-4965-978C-85EAD9173553}"
EndProject
Project("{9A19103F-16F7-4668-BE54-9A1E7A4F7556}") = "Epoxy.Avalonia11", "src\Epoxy.Avalonia11\Epoxy.Avalonia11.csproj", "{02475EB3-4AA4-424A-9BB0-D40608259551}"
EndProject
Project("{6EC3EE1D-3C4E-46DD-8F32-0CC8E7565705}") = "FSharp.Epoxy.Avalonia11", "src\FSharp.Epoxy.Avalonia11\FSharp.Epoxy.Avalonia11.fsproj", "{8890BC8D-034C-4347-89DC-CC221018A378}"
EndProject
Global
	GlobalSection(SolutionConfigurationPlatforms) = preSolution
		Ad-Hoc|Any CPU = Ad-Hoc|Any CPU
		Ad-Hoc|ARM = Ad-Hoc|ARM
		Ad-Hoc|ARM64 = Ad-Hoc|ARM64
		Ad-Hoc|iPhone = Ad-Hoc|iPhone
		Ad-Hoc|iPhoneSimulator = Ad-Hoc|iPhoneSimulator
		Ad-Hoc|x64 = Ad-Hoc|x64
		Ad-Hoc|x86 = Ad-Hoc|x86
		AppStore|Any CPU = AppStore|Any CPU
		AppStore|ARM = AppStore|ARM
		AppStore|ARM64 = AppStore|ARM64
		AppStore|iPhone = AppStore|iPhone
		AppStore|iPhoneSimulator = AppStore|iPhoneSimulator
		AppStore|x64 = AppStore|x64
		AppStore|x86 = AppStore|x86
		Debug|Any CPU = Debug|Any CPU
		Debug|ARM = Debug|ARM
		Debug|ARM64 = Debug|ARM64
		Debug|iPhone = Debug|iPhone
		Debug|iPhoneSimulator = Debug|iPhoneSimulator
		Debug|x64 = Debug|x64
		Debug|x86 = Debug|x86
		Release|Any CPU = Release|Any CPU
		Release|ARM = Release|ARM
		Release|ARM64 = Release|ARM64
		Release|iPhone = Release|iPhone
		Release|iPhoneSimulator = Release|iPhoneSimulator
		Release|x64 = Release|x64
		Release|x86 = Release|x86
	EndGlobalSection
	GlobalSection(ProjectConfigurationPlatforms) = postSolution
		{1B625B4E-7DBB-45F3-B095-B8016CC592CE}.Ad-Hoc|Any CPU.ActiveCfg = Release|Any CPU
		{1B625B4E-7DBB-45F3-B095-B8016CC592CE}.Ad-Hoc|Any CPU.Build.0 = Release|Any CPU
		{1B625B4E-7DBB-45F3-B095-B8016CC592CE}.Ad-Hoc|ARM.ActiveCfg = Release|Any CPU
		{1B625B4E-7DBB-45F3-B095-B8016CC592CE}.Ad-Hoc|ARM.Build.0 = Release|Any CPU
		{1B625B4E-7DBB-45F3-B095-B8016CC592CE}.Ad-Hoc|ARM64.ActiveCfg = Release|Any CPU
		{1B625B4E-7DBB-45F3-B095-B8016CC592CE}.Ad-Hoc|ARM64.Build.0 = Release|Any CPU
		{1B625B4E-7DBB-45F3-B095-B8016CC592CE}.Ad-Hoc|iPhone.ActiveCfg = Release|Any CPU
		{1B625B4E-7DBB-45F3-B095-B8016CC592CE}.Ad-Hoc|iPhone.Build.0 = Release|Any CPU
		{1B625B4E-7DBB-45F3-B095-B8016CC592CE}.Ad-Hoc|iPhoneSimulator.ActiveCfg = Release|Any CPU
		{1B625B4E-7DBB-45F3-B095-B8016CC592CE}.Ad-Hoc|iPhoneSimulator.Build.0 = Release|Any CPU
		{1B625B4E-7DBB-45F3-B095-B8016CC592CE}.Ad-Hoc|x64.ActiveCfg = Release|Any CPU
		{1B625B4E-7DBB-45F3-B095-B8016CC592CE}.Ad-Hoc|x64.Build.0 = Release|Any CPU
		{1B625B4E-7DBB-45F3-B095-B8016CC592CE}.Ad-Hoc|x86.ActiveCfg = Release|Any CPU
		{1B625B4E-7DBB-45F3-B095-B8016CC592CE}.Ad-Hoc|x86.Build.0 = Release|Any CPU
		{1B625B4E-7DBB-45F3-B095-B8016CC592CE}.AppStore|Any CPU.ActiveCfg = Release|Any CPU
		{1B625B4E-7DBB-45F3-B095-B8016CC592CE}.AppStore|Any CPU.Build.0 = Release|Any CPU
		{1B625B4E-7DBB-45F3-B095-B8016CC592CE}.AppStore|ARM.ActiveCfg = Release|Any CPU
		{1B625B4E-7DBB-45F3-B095-B8016CC592CE}.AppStore|ARM.Build.0 = Release|Any CPU
		{1B625B4E-7DBB-45F3-B095-B8016CC592CE}.AppStore|ARM64.ActiveCfg = Release|Any CPU
		{1B625B4E-7DBB-45F3-B095-B8016CC592CE}.AppStore|ARM64.Build.0 = Release|Any CPU
		{1B625B4E-7DBB-45F3-B095-B8016CC592CE}.AppStore|iPhone.ActiveCfg = Release|Any CPU
		{1B625B4E-7DBB-45F3-B095-B8016CC592CE}.AppStore|iPhone.Build.0 = Release|Any CPU
		{1B625B4E-7DBB-45F3-B095-B8016CC592CE}.AppStore|iPhoneSimulator.ActiveCfg = Release|Any CPU
		{1B625B4E-7DBB-45F3-B095-B8016CC592CE}.AppStore|iPhoneSimulator.Build.0 = Release|Any CPU
		{1B625B4E-7DBB-45F3-B095-B8016CC592CE}.AppStore|x64.ActiveCfg = Release|Any CPU
		{1B625B4E-7DBB-45F3-B095-B8016CC592CE}.AppStore|x64.Build.0 = Release|Any CPU
		{1B625B4E-7DBB-45F3-B095-B8016CC592CE}.AppStore|x86.ActiveCfg = Release|Any CPU
		{1B625B4E-7DBB-45F3-B095-B8016CC592CE}.AppStore|x86.Build.0 = Release|Any CPU
		{1B625B4E-7DBB-45F3-B095-B8016CC592CE}.Debug|Any CPU.ActiveCfg = Debug|Any CPU
		{1B625B4E-7DBB-45F3-B095-B8016CC592CE}.Debug|Any CPU.Build.0 = Debug|Any CPU
		{1B625B4E-7DBB-45F3-B095-B8016CC592CE}.Debug|ARM.ActiveCfg = Debug|Any CPU
		{1B625B4E-7DBB-45F3-B095-B8016CC592CE}.Debug|ARM.Build.0 = Debug|Any CPU
		{1B625B4E-7DBB-45F3-B095-B8016CC592CE}.Debug|ARM64.ActiveCfg = Debug|Any CPU
		{1B625B4E-7DBB-45F3-B095-B8016CC592CE}.Debug|ARM64.Build.0 = Debug|Any CPU
		{1B625B4E-7DBB-45F3-B095-B8016CC592CE}.Debug|iPhone.ActiveCfg = Debug|Any CPU
		{1B625B4E-7DBB-45F3-B095-B8016CC592CE}.Debug|iPhone.Build.0 = Debug|Any CPU
		{1B625B4E-7DBB-45F3-B095-B8016CC592CE}.Debug|iPhoneSimulator.ActiveCfg = Debug|Any CPU
		{1B625B4E-7DBB-45F3-B095-B8016CC592CE}.Debug|iPhoneSimulator.Build.0 = Debug|Any CPU
		{1B625B4E-7DBB-45F3-B095-B8016CC592CE}.Debug|x64.ActiveCfg = Debug|Any CPU
		{1B625B4E-7DBB-45F3-B095-B8016CC592CE}.Debug|x64.Build.0 = Debug|Any CPU
		{1B625B4E-7DBB-45F3-B095-B8016CC592CE}.Debug|x86.ActiveCfg = Debug|Any CPU
		{1B625B4E-7DBB-45F3-B095-B8016CC592CE}.Debug|x86.Build.0 = Debug|Any CPU
		{1B625B4E-7DBB-45F3-B095-B8016CC592CE}.Release|Any CPU.ActiveCfg = Release|Any CPU
		{1B625B4E-7DBB-45F3-B095-B8016CC592CE}.Release|Any CPU.Build.0 = Release|Any CPU
		{1B625B4E-7DBB-45F3-B095-B8016CC592CE}.Release|ARM.ActiveCfg = Release|Any CPU
		{1B625B4E-7DBB-45F3-B095-B8016CC592CE}.Release|ARM.Build.0 = Release|Any CPU
		{1B625B4E-7DBB-45F3-B095-B8016CC592CE}.Release|ARM64.ActiveCfg = Release|Any CPU
		{1B625B4E-7DBB-45F3-B095-B8016CC592CE}.Release|ARM64.Build.0 = Release|Any CPU
		{1B625B4E-7DBB-45F3-B095-B8016CC592CE}.Release|iPhone.ActiveCfg = Release|Any CPU
		{1B625B4E-7DBB-45F3-B095-B8016CC592CE}.Release|iPhone.Build.0 = Release|Any CPU
		{1B625B4E-7DBB-45F3-B095-B8016CC592CE}.Release|iPhoneSimulator.ActiveCfg = Release|Any CPU
		{1B625B4E-7DBB-45F3-B095-B8016CC592CE}.Release|iPhoneSimulator.Build.0 = Release|Any CPU
		{1B625B4E-7DBB-45F3-B095-B8016CC592CE}.Release|x64.ActiveCfg = Release|Any CPU
		{1B625B4E-7DBB-45F3-B095-B8016CC592CE}.Release|x64.Build.0 = Release|Any CPU
		{1B625B4E-7DBB-45F3-B095-B8016CC592CE}.Release|x86.ActiveCfg = Release|Any CPU
		{1B625B4E-7DBB-45F3-B095-B8016CC592CE}.Release|x86.Build.0 = Release|Any CPU
		{15B90169-2BDF-45FA-ACDB-A45AAD6F3CCA}.Ad-Hoc|Any CPU.ActiveCfg = Release|Any CPU
		{15B90169-2BDF-45FA-ACDB-A45AAD6F3CCA}.Ad-Hoc|Any CPU.Build.0 = Release|Any CPU
		{15B90169-2BDF-45FA-ACDB-A45AAD6F3CCA}.Ad-Hoc|ARM.ActiveCfg = Release|Any CPU
		{15B90169-2BDF-45FA-ACDB-A45AAD6F3CCA}.Ad-Hoc|ARM.Build.0 = Release|Any CPU
		{15B90169-2BDF-45FA-ACDB-A45AAD6F3CCA}.Ad-Hoc|ARM64.ActiveCfg = Release|Any CPU
		{15B90169-2BDF-45FA-ACDB-A45AAD6F3CCA}.Ad-Hoc|ARM64.Build.0 = Release|Any CPU
		{15B90169-2BDF-45FA-ACDB-A45AAD6F3CCA}.Ad-Hoc|iPhone.ActiveCfg = Release|Any CPU
		{15B90169-2BDF-45FA-ACDB-A45AAD6F3CCA}.Ad-Hoc|iPhone.Build.0 = Release|Any CPU
		{15B90169-2BDF-45FA-ACDB-A45AAD6F3CCA}.Ad-Hoc|iPhoneSimulator.ActiveCfg = Release|Any CPU
		{15B90169-2BDF-45FA-ACDB-A45AAD6F3CCA}.Ad-Hoc|iPhoneSimulator.Build.0 = Release|Any CPU
		{15B90169-2BDF-45FA-ACDB-A45AAD6F3CCA}.Ad-Hoc|x64.ActiveCfg = Release|Any CPU
		{15B90169-2BDF-45FA-ACDB-A45AAD6F3CCA}.Ad-Hoc|x64.Build.0 = Release|Any CPU
		{15B90169-2BDF-45FA-ACDB-A45AAD6F3CCA}.Ad-Hoc|x86.ActiveCfg = Release|Any CPU
		{15B90169-2BDF-45FA-ACDB-A45AAD6F3CCA}.Ad-Hoc|x86.Build.0 = Release|Any CPU
		{15B90169-2BDF-45FA-ACDB-A45AAD6F3CCA}.AppStore|Any CPU.ActiveCfg = Release|Any CPU
		{15B90169-2BDF-45FA-ACDB-A45AAD6F3CCA}.AppStore|Any CPU.Build.0 = Release|Any CPU
		{15B90169-2BDF-45FA-ACDB-A45AAD6F3CCA}.AppStore|ARM.ActiveCfg = Release|Any CPU
		{15B90169-2BDF-45FA-ACDB-A45AAD6F3CCA}.AppStore|ARM.Build.0 = Release|Any CPU
		{15B90169-2BDF-45FA-ACDB-A45AAD6F3CCA}.AppStore|ARM64.ActiveCfg = Release|Any CPU
		{15B90169-2BDF-45FA-ACDB-A45AAD6F3CCA}.AppStore|ARM64.Build.0 = Release|Any CPU
		{15B90169-2BDF-45FA-ACDB-A45AAD6F3CCA}.AppStore|iPhone.ActiveCfg = Release|Any CPU
		{15B90169-2BDF-45FA-ACDB-A45AAD6F3CCA}.AppStore|iPhone.Build.0 = Release|Any CPU
		{15B90169-2BDF-45FA-ACDB-A45AAD6F3CCA}.AppStore|iPhoneSimulator.ActiveCfg = Release|Any CPU
		{15B90169-2BDF-45FA-ACDB-A45AAD6F3CCA}.AppStore|iPhoneSimulator.Build.0 = Release|Any CPU
		{15B90169-2BDF-45FA-ACDB-A45AAD6F3CCA}.AppStore|x64.ActiveCfg = Release|Any CPU
		{15B90169-2BDF-45FA-ACDB-A45AAD6F3CCA}.AppStore|x64.Build.0 = Release|Any CPU
		{15B90169-2BDF-45FA-ACDB-A45AAD6F3CCA}.AppStore|x86.ActiveCfg = Release|Any CPU
		{15B90169-2BDF-45FA-ACDB-A45AAD6F3CCA}.AppStore|x86.Build.0 = Release|Any CPU
		{15B90169-2BDF-45FA-ACDB-A45AAD6F3CCA}.Debug|Any CPU.ActiveCfg = Debug|Any CPU
		{15B90169-2BDF-45FA-ACDB-A45AAD6F3CCA}.Debug|Any CPU.Build.0 = Debug|Any CPU
		{15B90169-2BDF-45FA-ACDB-A45AAD6F3CCA}.Debug|ARM.ActiveCfg = Debug|Any CPU
		{15B90169-2BDF-45FA-ACDB-A45AAD6F3CCA}.Debug|ARM.Build.0 = Debug|Any CPU
		{15B90169-2BDF-45FA-ACDB-A45AAD6F3CCA}.Debug|ARM64.ActiveCfg = Debug|Any CPU
		{15B90169-2BDF-45FA-ACDB-A45AAD6F3CCA}.Debug|ARM64.Build.0 = Debug|Any CPU
		{15B90169-2BDF-45FA-ACDB-A45AAD6F3CCA}.Debug|iPhone.ActiveCfg = Debug|Any CPU
		{15B90169-2BDF-45FA-ACDB-A45AAD6F3CCA}.Debug|iPhone.Build.0 = Debug|Any CPU
		{15B90169-2BDF-45FA-ACDB-A45AAD6F3CCA}.Debug|iPhoneSimulator.ActiveCfg = Debug|Any CPU
		{15B90169-2BDF-45FA-ACDB-A45AAD6F3CCA}.Debug|iPhoneSimulator.Build.0 = Debug|Any CPU
		{15B90169-2BDF-45FA-ACDB-A45AAD6F3CCA}.Debug|x64.ActiveCfg = Debug|Any CPU
		{15B90169-2BDF-45FA-ACDB-A45AAD6F3CCA}.Debug|x64.Build.0 = Debug|Any CPU
		{15B90169-2BDF-45FA-ACDB-A45AAD6F3CCA}.Debug|x86.ActiveCfg = Debug|Any CPU
		{15B90169-2BDF-45FA-ACDB-A45AAD6F3CCA}.Debug|x86.Build.0 = Debug|Any CPU
		{15B90169-2BDF-45FA-ACDB-A45AAD6F3CCA}.Release|Any CPU.ActiveCfg = Release|Any CPU
		{15B90169-2BDF-45FA-ACDB-A45AAD6F3CCA}.Release|Any CPU.Build.0 = Release|Any CPU
		{15B90169-2BDF-45FA-ACDB-A45AAD6F3CCA}.Release|ARM.ActiveCfg = Release|Any CPU
		{15B90169-2BDF-45FA-ACDB-A45AAD6F3CCA}.Release|ARM.Build.0 = Release|Any CPU
		{15B90169-2BDF-45FA-ACDB-A45AAD6F3CCA}.Release|ARM64.ActiveCfg = Release|Any CPU
		{15B90169-2BDF-45FA-ACDB-A45AAD6F3CCA}.Release|ARM64.Build.0 = Release|Any CPU
		{15B90169-2BDF-45FA-ACDB-A45AAD6F3CCA}.Release|iPhone.ActiveCfg = Release|Any CPU
		{15B90169-2BDF-45FA-ACDB-A45AAD6F3CCA}.Release|iPhone.Build.0 = Release|Any CPU
		{15B90169-2BDF-45FA-ACDB-A45AAD6F3CCA}.Release|iPhoneSimulator.ActiveCfg = Release|Any CPU
		{15B90169-2BDF-45FA-ACDB-A45AAD6F3CCA}.Release|iPhoneSimulator.Build.0 = Release|Any CPU
		{15B90169-2BDF-45FA-ACDB-A45AAD6F3CCA}.Release|x64.ActiveCfg = Release|Any CPU
		{15B90169-2BDF-45FA-ACDB-A45AAD6F3CCA}.Release|x64.Build.0 = Release|Any CPU
		{15B90169-2BDF-45FA-ACDB-A45AAD6F3CCA}.Release|x86.ActiveCfg = Release|Any CPU
		{15B90169-2BDF-45FA-ACDB-A45AAD6F3CCA}.Release|x86.Build.0 = Release|Any CPU
		{32ABAA5B-2465-4FE8-8446-7BC7CEC16123}.Ad-Hoc|Any CPU.ActiveCfg = Debug|Any CPU
		{32ABAA5B-2465-4FE8-8446-7BC7CEC16123}.Ad-Hoc|Any CPU.Build.0 = Debug|Any CPU
		{32ABAA5B-2465-4FE8-8446-7BC7CEC16123}.Ad-Hoc|ARM.ActiveCfg = Debug|Any CPU
		{32ABAA5B-2465-4FE8-8446-7BC7CEC16123}.Ad-Hoc|ARM.Build.0 = Debug|Any CPU
		{32ABAA5B-2465-4FE8-8446-7BC7CEC16123}.Ad-Hoc|ARM64.ActiveCfg = Debug|Any CPU
		{32ABAA5B-2465-4FE8-8446-7BC7CEC16123}.Ad-Hoc|ARM64.Build.0 = Debug|Any CPU
		{32ABAA5B-2465-4FE8-8446-7BC7CEC16123}.Ad-Hoc|iPhone.ActiveCfg = Debug|Any CPU
		{32ABAA5B-2465-4FE8-8446-7BC7CEC16123}.Ad-Hoc|iPhone.Build.0 = Debug|Any CPU
		{32ABAA5B-2465-4FE8-8446-7BC7CEC16123}.Ad-Hoc|iPhoneSimulator.ActiveCfg = Debug|Any CPU
		{32ABAA5B-2465-4FE8-8446-7BC7CEC16123}.Ad-Hoc|iPhoneSimulator.Build.0 = Debug|Any CPU
		{32ABAA5B-2465-4FE8-8446-7BC7CEC16123}.Ad-Hoc|x64.ActiveCfg = Debug|Any CPU
		{32ABAA5B-2465-4FE8-8446-7BC7CEC16123}.Ad-Hoc|x64.Build.0 = Debug|Any CPU
		{32ABAA5B-2465-4FE8-8446-7BC7CEC16123}.Ad-Hoc|x86.ActiveCfg = Debug|Any CPU
		{32ABAA5B-2465-4FE8-8446-7BC7CEC16123}.Ad-Hoc|x86.Build.0 = Debug|Any CPU
		{32ABAA5B-2465-4FE8-8446-7BC7CEC16123}.AppStore|Any CPU.ActiveCfg = Debug|Any CPU
		{32ABAA5B-2465-4FE8-8446-7BC7CEC16123}.AppStore|Any CPU.Build.0 = Debug|Any CPU
		{32ABAA5B-2465-4FE8-8446-7BC7CEC16123}.AppStore|ARM.ActiveCfg = Debug|Any CPU
		{32ABAA5B-2465-4FE8-8446-7BC7CEC16123}.AppStore|ARM.Build.0 = Debug|Any CPU
		{32ABAA5B-2465-4FE8-8446-7BC7CEC16123}.AppStore|ARM64.ActiveCfg = Debug|Any CPU
		{32ABAA5B-2465-4FE8-8446-7BC7CEC16123}.AppStore|ARM64.Build.0 = Debug|Any CPU
		{32ABAA5B-2465-4FE8-8446-7BC7CEC16123}.AppStore|iPhone.ActiveCfg = Debug|Any CPU
		{32ABAA5B-2465-4FE8-8446-7BC7CEC16123}.AppStore|iPhone.Build.0 = Debug|Any CPU
		{32ABAA5B-2465-4FE8-8446-7BC7CEC16123}.AppStore|iPhoneSimulator.ActiveCfg = Debug|Any CPU
		{32ABAA5B-2465-4FE8-8446-7BC7CEC16123}.AppStore|iPhoneSimulator.Build.0 = Debug|Any CPU
		{32ABAA5B-2465-4FE8-8446-7BC7CEC16123}.AppStore|x64.ActiveCfg = Debug|Any CPU
		{32ABAA5B-2465-4FE8-8446-7BC7CEC16123}.AppStore|x64.Build.0 = Debug|Any CPU
		{32ABAA5B-2465-4FE8-8446-7BC7CEC16123}.AppStore|x86.ActiveCfg = Debug|Any CPU
		{32ABAA5B-2465-4FE8-8446-7BC7CEC16123}.AppStore|x86.Build.0 = Debug|Any CPU
		{32ABAA5B-2465-4FE8-8446-7BC7CEC16123}.Debug|Any CPU.ActiveCfg = Debug|Any CPU
		{32ABAA5B-2465-4FE8-8446-7BC7CEC16123}.Debug|Any CPU.Build.0 = Debug|Any CPU
		{32ABAA5B-2465-4FE8-8446-7BC7CEC16123}.Debug|ARM.ActiveCfg = Debug|Any CPU
		{32ABAA5B-2465-4FE8-8446-7BC7CEC16123}.Debug|ARM.Build.0 = Debug|Any CPU
		{32ABAA5B-2465-4FE8-8446-7BC7CEC16123}.Debug|ARM64.ActiveCfg = Debug|Any CPU
		{32ABAA5B-2465-4FE8-8446-7BC7CEC16123}.Debug|ARM64.Build.0 = Debug|Any CPU
		{32ABAA5B-2465-4FE8-8446-7BC7CEC16123}.Debug|iPhone.ActiveCfg = Debug|Any CPU
		{32ABAA5B-2465-4FE8-8446-7BC7CEC16123}.Debug|iPhone.Build.0 = Debug|Any CPU
		{32ABAA5B-2465-4FE8-8446-7BC7CEC16123}.Debug|iPhoneSimulator.ActiveCfg = Debug|Any CPU
		{32ABAA5B-2465-4FE8-8446-7BC7CEC16123}.Debug|iPhoneSimulator.Build.0 = Debug|Any CPU
		{32ABAA5B-2465-4FE8-8446-7BC7CEC16123}.Debug|x64.ActiveCfg = Debug|Any CPU
		{32ABAA5B-2465-4FE8-8446-7BC7CEC16123}.Debug|x64.Build.0 = Debug|Any CPU
		{32ABAA5B-2465-4FE8-8446-7BC7CEC16123}.Debug|x86.ActiveCfg = Debug|Any CPU
		{32ABAA5B-2465-4FE8-8446-7BC7CEC16123}.Debug|x86.Build.0 = Debug|Any CPU
		{32ABAA5B-2465-4FE8-8446-7BC7CEC16123}.Release|Any CPU.ActiveCfg = Release|Any CPU
		{32ABAA5B-2465-4FE8-8446-7BC7CEC16123}.Release|Any CPU.Build.0 = Release|Any CPU
		{32ABAA5B-2465-4FE8-8446-7BC7CEC16123}.Release|ARM.ActiveCfg = Release|Any CPU
		{32ABAA5B-2465-4FE8-8446-7BC7CEC16123}.Release|ARM.Build.0 = Release|Any CPU
		{32ABAA5B-2465-4FE8-8446-7BC7CEC16123}.Release|ARM64.ActiveCfg = Release|Any CPU
		{32ABAA5B-2465-4FE8-8446-7BC7CEC16123}.Release|ARM64.Build.0 = Release|Any CPU
		{32ABAA5B-2465-4FE8-8446-7BC7CEC16123}.Release|iPhone.ActiveCfg = Release|Any CPU
		{32ABAA5B-2465-4FE8-8446-7BC7CEC16123}.Release|iPhone.Build.0 = Release|Any CPU
		{32ABAA5B-2465-4FE8-8446-7BC7CEC16123}.Release|iPhoneSimulator.ActiveCfg = Release|Any CPU
		{32ABAA5B-2465-4FE8-8446-7BC7CEC16123}.Release|iPhoneSimulator.Build.0 = Release|Any CPU
		{32ABAA5B-2465-4FE8-8446-7BC7CEC16123}.Release|x64.ActiveCfg = Release|Any CPU
		{32ABAA5B-2465-4FE8-8446-7BC7CEC16123}.Release|x64.Build.0 = Release|Any CPU
		{32ABAA5B-2465-4FE8-8446-7BC7CEC16123}.Release|x86.ActiveCfg = Release|Any CPU
		{32ABAA5B-2465-4FE8-8446-7BC7CEC16123}.Release|x86.Build.0 = Release|Any CPU
		{C0A15D5B-C338-4306-9C2B-CE7E6AB50DE1}.Ad-Hoc|Any CPU.ActiveCfg = Debug|Any CPU
		{C0A15D5B-C338-4306-9C2B-CE7E6AB50DE1}.Ad-Hoc|Any CPU.Build.0 = Debug|Any CPU
		{C0A15D5B-C338-4306-9C2B-CE7E6AB50DE1}.Ad-Hoc|ARM.ActiveCfg = Debug|Any CPU
		{C0A15D5B-C338-4306-9C2B-CE7E6AB50DE1}.Ad-Hoc|ARM.Build.0 = Debug|Any CPU
		{C0A15D5B-C338-4306-9C2B-CE7E6AB50DE1}.Ad-Hoc|ARM64.ActiveCfg = Debug|Any CPU
		{C0A15D5B-C338-4306-9C2B-CE7E6AB50DE1}.Ad-Hoc|ARM64.Build.0 = Debug|Any CPU
		{C0A15D5B-C338-4306-9C2B-CE7E6AB50DE1}.Ad-Hoc|iPhone.ActiveCfg = Debug|Any CPU
		{C0A15D5B-C338-4306-9C2B-CE7E6AB50DE1}.Ad-Hoc|iPhone.Build.0 = Debug|Any CPU
		{C0A15D5B-C338-4306-9C2B-CE7E6AB50DE1}.Ad-Hoc|iPhoneSimulator.ActiveCfg = Debug|Any CPU
		{C0A15D5B-C338-4306-9C2B-CE7E6AB50DE1}.Ad-Hoc|iPhoneSimulator.Build.0 = Debug|Any CPU
		{C0A15D5B-C338-4306-9C2B-CE7E6AB50DE1}.Ad-Hoc|x64.ActiveCfg = Debug|Any CPU
		{C0A15D5B-C338-4306-9C2B-CE7E6AB50DE1}.Ad-Hoc|x64.Build.0 = Debug|Any CPU
		{C0A15D5B-C338-4306-9C2B-CE7E6AB50DE1}.Ad-Hoc|x86.ActiveCfg = Debug|Any CPU
		{C0A15D5B-C338-4306-9C2B-CE7E6AB50DE1}.Ad-Hoc|x86.Build.0 = Debug|Any CPU
		{C0A15D5B-C338-4306-9C2B-CE7E6AB50DE1}.AppStore|Any CPU.ActiveCfg = Debug|Any CPU
		{C0A15D5B-C338-4306-9C2B-CE7E6AB50DE1}.AppStore|Any CPU.Build.0 = Debug|Any CPU
		{C0A15D5B-C338-4306-9C2B-CE7E6AB50DE1}.AppStore|ARM.ActiveCfg = Debug|Any CPU
		{C0A15D5B-C338-4306-9C2B-CE7E6AB50DE1}.AppStore|ARM.Build.0 = Debug|Any CPU
		{C0A15D5B-C338-4306-9C2B-CE7E6AB50DE1}.AppStore|ARM64.ActiveCfg = Debug|Any CPU
		{C0A15D5B-C338-4306-9C2B-CE7E6AB50DE1}.AppStore|ARM64.Build.0 = Debug|Any CPU
		{C0A15D5B-C338-4306-9C2B-CE7E6AB50DE1}.AppStore|iPhone.ActiveCfg = Debug|Any CPU
		{C0A15D5B-C338-4306-9C2B-CE7E6AB50DE1}.AppStore|iPhone.Build.0 = Debug|Any CPU
		{C0A15D5B-C338-4306-9C2B-CE7E6AB50DE1}.AppStore|iPhoneSimulator.ActiveCfg = Debug|Any CPU
		{C0A15D5B-C338-4306-9C2B-CE7E6AB50DE1}.AppStore|iPhoneSimulator.Build.0 = Debug|Any CPU
		{C0A15D5B-C338-4306-9C2B-CE7E6AB50DE1}.AppStore|x64.ActiveCfg = Debug|Any CPU
		{C0A15D5B-C338-4306-9C2B-CE7E6AB50DE1}.AppStore|x64.Build.0 = Debug|Any CPU
		{C0A15D5B-C338-4306-9C2B-CE7E6AB50DE1}.AppStore|x86.ActiveCfg = Debug|Any CPU
		{C0A15D5B-C338-4306-9C2B-CE7E6AB50DE1}.AppStore|x86.Build.0 = Debug|Any CPU
		{C0A15D5B-C338-4306-9C2B-CE7E6AB50DE1}.Debug|Any CPU.ActiveCfg = Debug|Any CPU
		{C0A15D5B-C338-4306-9C2B-CE7E6AB50DE1}.Debug|Any CPU.Build.0 = Debug|Any CPU
		{C0A15D5B-C338-4306-9C2B-CE7E6AB50DE1}.Debug|ARM.ActiveCfg = Debug|Any CPU
		{C0A15D5B-C338-4306-9C2B-CE7E6AB50DE1}.Debug|ARM.Build.0 = Debug|Any CPU
		{C0A15D5B-C338-4306-9C2B-CE7E6AB50DE1}.Debug|ARM64.ActiveCfg = Debug|Any CPU
		{C0A15D5B-C338-4306-9C2B-CE7E6AB50DE1}.Debug|ARM64.Build.0 = Debug|Any CPU
		{C0A15D5B-C338-4306-9C2B-CE7E6AB50DE1}.Debug|iPhone.ActiveCfg = Debug|Any CPU
		{C0A15D5B-C338-4306-9C2B-CE7E6AB50DE1}.Debug|iPhone.Build.0 = Debug|Any CPU
		{C0A15D5B-C338-4306-9C2B-CE7E6AB50DE1}.Debug|iPhoneSimulator.ActiveCfg = Debug|Any CPU
		{C0A15D5B-C338-4306-9C2B-CE7E6AB50DE1}.Debug|iPhoneSimulator.Build.0 = Debug|Any CPU
		{C0A15D5B-C338-4306-9C2B-CE7E6AB50DE1}.Debug|x64.ActiveCfg = Debug|Any CPU
		{C0A15D5B-C338-4306-9C2B-CE7E6AB50DE1}.Debug|x64.Build.0 = Debug|Any CPU
		{C0A15D5B-C338-4306-9C2B-CE7E6AB50DE1}.Debug|x86.ActiveCfg = Debug|Any CPU
		{C0A15D5B-C338-4306-9C2B-CE7E6AB50DE1}.Debug|x86.Build.0 = Debug|Any CPU
		{C0A15D5B-C338-4306-9C2B-CE7E6AB50DE1}.Release|Any CPU.ActiveCfg = Release|Any CPU
		{C0A15D5B-C338-4306-9C2B-CE7E6AB50DE1}.Release|Any CPU.Build.0 = Release|Any CPU
		{C0A15D5B-C338-4306-9C2B-CE7E6AB50DE1}.Release|ARM.ActiveCfg = Release|Any CPU
		{C0A15D5B-C338-4306-9C2B-CE7E6AB50DE1}.Release|ARM.Build.0 = Release|Any CPU
		{C0A15D5B-C338-4306-9C2B-CE7E6AB50DE1}.Release|ARM64.ActiveCfg = Release|Any CPU
		{C0A15D5B-C338-4306-9C2B-CE7E6AB50DE1}.Release|ARM64.Build.0 = Release|Any CPU
		{C0A15D5B-C338-4306-9C2B-CE7E6AB50DE1}.Release|iPhone.ActiveCfg = Release|Any CPU
		{C0A15D5B-C338-4306-9C2B-CE7E6AB50DE1}.Release|iPhone.Build.0 = Release|Any CPU
		{C0A15D5B-C338-4306-9C2B-CE7E6AB50DE1}.Release|iPhoneSimulator.ActiveCfg = Release|Any CPU
		{C0A15D5B-C338-4306-9C2B-CE7E6AB50DE1}.Release|iPhoneSimulator.Build.0 = Release|Any CPU
		{C0A15D5B-C338-4306-9C2B-CE7E6AB50DE1}.Release|x64.ActiveCfg = Release|Any CPU
		{C0A15D5B-C338-4306-9C2B-CE7E6AB50DE1}.Release|x64.Build.0 = Release|Any CPU
		{C0A15D5B-C338-4306-9C2B-CE7E6AB50DE1}.Release|x86.ActiveCfg = Release|Any CPU
		{C0A15D5B-C338-4306-9C2B-CE7E6AB50DE1}.Release|x86.Build.0 = Release|Any CPU
		{494DDC01-9BCD-4CE6-B5B6-58F97BD1346C}.Ad-Hoc|Any CPU.ActiveCfg = Debug|Any CPU
		{494DDC01-9BCD-4CE6-B5B6-58F97BD1346C}.Ad-Hoc|Any CPU.Build.0 = Debug|Any CPU
		{494DDC01-9BCD-4CE6-B5B6-58F97BD1346C}.Ad-Hoc|ARM.ActiveCfg = Debug|Any CPU
		{494DDC01-9BCD-4CE6-B5B6-58F97BD1346C}.Ad-Hoc|ARM.Build.0 = Debug|Any CPU
		{494DDC01-9BCD-4CE6-B5B6-58F97BD1346C}.Ad-Hoc|ARM64.ActiveCfg = Debug|Any CPU
		{494DDC01-9BCD-4CE6-B5B6-58F97BD1346C}.Ad-Hoc|ARM64.Build.0 = Debug|Any CPU
		{494DDC01-9BCD-4CE6-B5B6-58F97BD1346C}.Ad-Hoc|iPhone.ActiveCfg = Debug|Any CPU
		{494DDC01-9BCD-4CE6-B5B6-58F97BD1346C}.Ad-Hoc|iPhone.Build.0 = Debug|Any CPU
		{494DDC01-9BCD-4CE6-B5B6-58F97BD1346C}.Ad-Hoc|iPhoneSimulator.ActiveCfg = Debug|Any CPU
		{494DDC01-9BCD-4CE6-B5B6-58F97BD1346C}.Ad-Hoc|iPhoneSimulator.Build.0 = Debug|Any CPU
		{494DDC01-9BCD-4CE6-B5B6-58F97BD1346C}.Ad-Hoc|x64.ActiveCfg = Debug|Any CPU
		{494DDC01-9BCD-4CE6-B5B6-58F97BD1346C}.Ad-Hoc|x64.Build.0 = Debug|Any CPU
		{494DDC01-9BCD-4CE6-B5B6-58F97BD1346C}.Ad-Hoc|x86.ActiveCfg = Debug|Any CPU
		{494DDC01-9BCD-4CE6-B5B6-58F97BD1346C}.Ad-Hoc|x86.Build.0 = Debug|Any CPU
		{494DDC01-9BCD-4CE6-B5B6-58F97BD1346C}.AppStore|Any CPU.ActiveCfg = Debug|Any CPU
		{494DDC01-9BCD-4CE6-B5B6-58F97BD1346C}.AppStore|Any CPU.Build.0 = Debug|Any CPU
		{494DDC01-9BCD-4CE6-B5B6-58F97BD1346C}.AppStore|ARM.ActiveCfg = Debug|Any CPU
		{494DDC01-9BCD-4CE6-B5B6-58F97BD1346C}.AppStore|ARM.Build.0 = Debug|Any CPU
		{494DDC01-9BCD-4CE6-B5B6-58F97BD1346C}.AppStore|ARM64.ActiveCfg = Debug|Any CPU
		{494DDC01-9BCD-4CE6-B5B6-58F97BD1346C}.AppStore|ARM64.Build.0 = Debug|Any CPU
		{494DDC01-9BCD-4CE6-B5B6-58F97BD1346C}.AppStore|iPhone.ActiveCfg = Debug|Any CPU
		{494DDC01-9BCD-4CE6-B5B6-58F97BD1346C}.AppStore|iPhone.Build.0 = Debug|Any CPU
		{494DDC01-9BCD-4CE6-B5B6-58F97BD1346C}.AppStore|iPhoneSimulator.ActiveCfg = Debug|Any CPU
		{494DDC01-9BCD-4CE6-B5B6-58F97BD1346C}.AppStore|iPhoneSimulator.Build.0 = Debug|Any CPU
		{494DDC01-9BCD-4CE6-B5B6-58F97BD1346C}.AppStore|x64.ActiveCfg = Debug|Any CPU
		{494DDC01-9BCD-4CE6-B5B6-58F97BD1346C}.AppStore|x64.Build.0 = Debug|Any CPU
		{494DDC01-9BCD-4CE6-B5B6-58F97BD1346C}.AppStore|x86.ActiveCfg = Debug|Any CPU
		{494DDC01-9BCD-4CE6-B5B6-58F97BD1346C}.AppStore|x86.Build.0 = Debug|Any CPU
		{494DDC01-9BCD-4CE6-B5B6-58F97BD1346C}.Debug|Any CPU.ActiveCfg = Debug|Any CPU
		{494DDC01-9BCD-4CE6-B5B6-58F97BD1346C}.Debug|Any CPU.Build.0 = Debug|Any CPU
		{494DDC01-9BCD-4CE6-B5B6-58F97BD1346C}.Debug|ARM.ActiveCfg = Debug|Any CPU
		{494DDC01-9BCD-4CE6-B5B6-58F97BD1346C}.Debug|ARM.Build.0 = Debug|Any CPU
		{494DDC01-9BCD-4CE6-B5B6-58F97BD1346C}.Debug|ARM64.ActiveCfg = Debug|Any CPU
		{494DDC01-9BCD-4CE6-B5B6-58F97BD1346C}.Debug|ARM64.Build.0 = Debug|Any CPU
		{494DDC01-9BCD-4CE6-B5B6-58F97BD1346C}.Debug|iPhone.ActiveCfg = Debug|Any CPU
		{494DDC01-9BCD-4CE6-B5B6-58F97BD1346C}.Debug|iPhone.Build.0 = Debug|Any CPU
		{494DDC01-9BCD-4CE6-B5B6-58F97BD1346C}.Debug|iPhoneSimulator.ActiveCfg = Debug|Any CPU
		{494DDC01-9BCD-4CE6-B5B6-58F97BD1346C}.Debug|iPhoneSimulator.Build.0 = Debug|Any CPU
		{494DDC01-9BCD-4CE6-B5B6-58F97BD1346C}.Debug|x64.ActiveCfg = Debug|Any CPU
		{494DDC01-9BCD-4CE6-B5B6-58F97BD1346C}.Debug|x64.Build.0 = Debug|Any CPU
		{494DDC01-9BCD-4CE6-B5B6-58F97BD1346C}.Debug|x86.ActiveCfg = Debug|Any CPU
		{494DDC01-9BCD-4CE6-B5B6-58F97BD1346C}.Debug|x86.Build.0 = Debug|Any CPU
		{494DDC01-9BCD-4CE6-B5B6-58F97BD1346C}.Release|Any CPU.ActiveCfg = Release|Any CPU
		{494DDC01-9BCD-4CE6-B5B6-58F97BD1346C}.Release|Any CPU.Build.0 = Release|Any CPU
		{494DDC01-9BCD-4CE6-B5B6-58F97BD1346C}.Release|ARM.ActiveCfg = Release|Any CPU
		{494DDC01-9BCD-4CE6-B5B6-58F97BD1346C}.Release|ARM.Build.0 = Release|Any CPU
		{494DDC01-9BCD-4CE6-B5B6-58F97BD1346C}.Release|ARM64.ActiveCfg = Release|Any CPU
		{494DDC01-9BCD-4CE6-B5B6-58F97BD1346C}.Release|ARM64.Build.0 = Release|Any CPU
		{494DDC01-9BCD-4CE6-B5B6-58F97BD1346C}.Release|iPhone.ActiveCfg = Release|Any CPU
		{494DDC01-9BCD-4CE6-B5B6-58F97BD1346C}.Release|iPhone.Build.0 = Release|Any CPU
		{494DDC01-9BCD-4CE6-B5B6-58F97BD1346C}.Release|iPhoneSimulator.ActiveCfg = Release|Any CPU
		{494DDC01-9BCD-4CE6-B5B6-58F97BD1346C}.Release|iPhoneSimulator.Build.0 = Release|Any CPU
		{494DDC01-9BCD-4CE6-B5B6-58F97BD1346C}.Release|x64.ActiveCfg = Release|Any CPU
		{494DDC01-9BCD-4CE6-B5B6-58F97BD1346C}.Release|x64.Build.0 = Release|Any CPU
		{494DDC01-9BCD-4CE6-B5B6-58F97BD1346C}.Release|x86.ActiveCfg = Release|Any CPU
		{494DDC01-9BCD-4CE6-B5B6-58F97BD1346C}.Release|x86.Build.0 = Release|Any CPU
		{037C4C66-0ED1-46EF-8AFA-9FF81205E318}.Ad-Hoc|Any CPU.ActiveCfg = Debug|Any CPU
		{037C4C66-0ED1-46EF-8AFA-9FF81205E318}.Ad-Hoc|Any CPU.Build.0 = Debug|Any CPU
		{037C4C66-0ED1-46EF-8AFA-9FF81205E318}.Ad-Hoc|ARM.ActiveCfg = Debug|Any CPU
		{037C4C66-0ED1-46EF-8AFA-9FF81205E318}.Ad-Hoc|ARM.Build.0 = Debug|Any CPU
		{037C4C66-0ED1-46EF-8AFA-9FF81205E318}.Ad-Hoc|ARM64.ActiveCfg = Debug|Any CPU
		{037C4C66-0ED1-46EF-8AFA-9FF81205E318}.Ad-Hoc|ARM64.Build.0 = Debug|Any CPU
		{037C4C66-0ED1-46EF-8AFA-9FF81205E318}.Ad-Hoc|iPhone.ActiveCfg = Debug|Any CPU
		{037C4C66-0ED1-46EF-8AFA-9FF81205E318}.Ad-Hoc|iPhone.Build.0 = Debug|Any CPU
		{037C4C66-0ED1-46EF-8AFA-9FF81205E318}.Ad-Hoc|iPhoneSimulator.ActiveCfg = Debug|Any CPU
		{037C4C66-0ED1-46EF-8AFA-9FF81205E318}.Ad-Hoc|iPhoneSimulator.Build.0 = Debug|Any CPU
		{037C4C66-0ED1-46EF-8AFA-9FF81205E318}.Ad-Hoc|x64.ActiveCfg = Debug|Any CPU
		{037C4C66-0ED1-46EF-8AFA-9FF81205E318}.Ad-Hoc|x64.Build.0 = Debug|Any CPU
		{037C4C66-0ED1-46EF-8AFA-9FF81205E318}.Ad-Hoc|x86.ActiveCfg = Debug|Any CPU
		{037C4C66-0ED1-46EF-8AFA-9FF81205E318}.Ad-Hoc|x86.Build.0 = Debug|Any CPU
		{037C4C66-0ED1-46EF-8AFA-9FF81205E318}.AppStore|Any CPU.ActiveCfg = Debug|Any CPU
		{037C4C66-0ED1-46EF-8AFA-9FF81205E318}.AppStore|Any CPU.Build.0 = Debug|Any CPU
		{037C4C66-0ED1-46EF-8AFA-9FF81205E318}.AppStore|ARM.ActiveCfg = Debug|Any CPU
		{037C4C66-0ED1-46EF-8AFA-9FF81205E318}.AppStore|ARM.Build.0 = Debug|Any CPU
		{037C4C66-0ED1-46EF-8AFA-9FF81205E318}.AppStore|ARM64.ActiveCfg = Debug|Any CPU
		{037C4C66-0ED1-46EF-8AFA-9FF81205E318}.AppStore|ARM64.Build.0 = Debug|Any CPU
		{037C4C66-0ED1-46EF-8AFA-9FF81205E318}.AppStore|iPhone.ActiveCfg = Debug|Any CPU
		{037C4C66-0ED1-46EF-8AFA-9FF81205E318}.AppStore|iPhone.Build.0 = Debug|Any CPU
		{037C4C66-0ED1-46EF-8AFA-9FF81205E318}.AppStore|iPhoneSimulator.ActiveCfg = Debug|Any CPU
		{037C4C66-0ED1-46EF-8AFA-9FF81205E318}.AppStore|iPhoneSimulator.Build.0 = Debug|Any CPU
		{037C4C66-0ED1-46EF-8AFA-9FF81205E318}.AppStore|x64.ActiveCfg = Debug|Any CPU
		{037C4C66-0ED1-46EF-8AFA-9FF81205E318}.AppStore|x64.Build.0 = Debug|Any CPU
		{037C4C66-0ED1-46EF-8AFA-9FF81205E318}.AppStore|x86.ActiveCfg = Debug|Any CPU
		{037C4C66-0ED1-46EF-8AFA-9FF81205E318}.AppStore|x86.Build.0 = Debug|Any CPU
		{037C4C66-0ED1-46EF-8AFA-9FF81205E318}.Debug|Any CPU.ActiveCfg = Debug|Any CPU
		{037C4C66-0ED1-46EF-8AFA-9FF81205E318}.Debug|Any CPU.Build.0 = Debug|Any CPU
		{037C4C66-0ED1-46EF-8AFA-9FF81205E318}.Debug|ARM.ActiveCfg = Debug|Any CPU
		{037C4C66-0ED1-46EF-8AFA-9FF81205E318}.Debug|ARM.Build.0 = Debug|Any CPU
		{037C4C66-0ED1-46EF-8AFA-9FF81205E318}.Debug|ARM64.ActiveCfg = Debug|Any CPU
		{037C4C66-0ED1-46EF-8AFA-9FF81205E318}.Debug|ARM64.Build.0 = Debug|Any CPU
		{037C4C66-0ED1-46EF-8AFA-9FF81205E318}.Debug|iPhone.ActiveCfg = Debug|Any CPU
		{037C4C66-0ED1-46EF-8AFA-9FF81205E318}.Debug|iPhone.Build.0 = Debug|Any CPU
		{037C4C66-0ED1-46EF-8AFA-9FF81205E318}.Debug|iPhoneSimulator.ActiveCfg = Debug|Any CPU
		{037C4C66-0ED1-46EF-8AFA-9FF81205E318}.Debug|iPhoneSimulator.Build.0 = Debug|Any CPU
		{037C4C66-0ED1-46EF-8AFA-9FF81205E318}.Debug|x64.ActiveCfg = Debug|Any CPU
		{037C4C66-0ED1-46EF-8AFA-9FF81205E318}.Debug|x64.Build.0 = Debug|Any CPU
		{037C4C66-0ED1-46EF-8AFA-9FF81205E318}.Debug|x86.ActiveCfg = Debug|Any CPU
		{037C4C66-0ED1-46EF-8AFA-9FF81205E318}.Debug|x86.Build.0 = Debug|Any CPU
		{037C4C66-0ED1-46EF-8AFA-9FF81205E318}.Release|Any CPU.ActiveCfg = Release|Any CPU
		{037C4C66-0ED1-46EF-8AFA-9FF81205E318}.Release|Any CPU.Build.0 = Release|Any CPU
		{037C4C66-0ED1-46EF-8AFA-9FF81205E318}.Release|ARM.ActiveCfg = Release|Any CPU
		{037C4C66-0ED1-46EF-8AFA-9FF81205E318}.Release|ARM.Build.0 = Release|Any CPU
		{037C4C66-0ED1-46EF-8AFA-9FF81205E318}.Release|ARM64.ActiveCfg = Release|Any CPU
		{037C4C66-0ED1-46EF-8AFA-9FF81205E318}.Release|ARM64.Build.0 = Release|Any CPU
		{037C4C66-0ED1-46EF-8AFA-9FF81205E318}.Release|iPhone.ActiveCfg = Release|Any CPU
		{037C4C66-0ED1-46EF-8AFA-9FF81205E318}.Release|iPhone.Build.0 = Release|Any CPU
		{037C4C66-0ED1-46EF-8AFA-9FF81205E318}.Release|iPhoneSimulator.ActiveCfg = Release|Any CPU
		{037C4C66-0ED1-46EF-8AFA-9FF81205E318}.Release|iPhoneSimulator.Build.0 = Release|Any CPU
		{037C4C66-0ED1-46EF-8AFA-9FF81205E318}.Release|x64.ActiveCfg = Release|Any CPU
		{037C4C66-0ED1-46EF-8AFA-9FF81205E318}.Release|x64.Build.0 = Release|Any CPU
		{037C4C66-0ED1-46EF-8AFA-9FF81205E318}.Release|x86.ActiveCfg = Release|Any CPU
		{037C4C66-0ED1-46EF-8AFA-9FF81205E318}.Release|x86.Build.0 = Release|Any CPU
		{C4EE5059-5F8D-40CD-97EA-F450A3CEDF6D}.Ad-Hoc|Any CPU.ActiveCfg = Debug|Any CPU
		{C4EE5059-5F8D-40CD-97EA-F450A3CEDF6D}.Ad-Hoc|Any CPU.Build.0 = Debug|Any CPU
		{C4EE5059-5F8D-40CD-97EA-F450A3CEDF6D}.Ad-Hoc|ARM.ActiveCfg = Debug|Any CPU
		{C4EE5059-5F8D-40CD-97EA-F450A3CEDF6D}.Ad-Hoc|ARM.Build.0 = Debug|Any CPU
		{C4EE5059-5F8D-40CD-97EA-F450A3CEDF6D}.Ad-Hoc|ARM64.ActiveCfg = Debug|Any CPU
		{C4EE5059-5F8D-40CD-97EA-F450A3CEDF6D}.Ad-Hoc|ARM64.Build.0 = Debug|Any CPU
		{C4EE5059-5F8D-40CD-97EA-F450A3CEDF6D}.Ad-Hoc|iPhone.ActiveCfg = Debug|Any CPU
		{C4EE5059-5F8D-40CD-97EA-F450A3CEDF6D}.Ad-Hoc|iPhone.Build.0 = Debug|Any CPU
		{C4EE5059-5F8D-40CD-97EA-F450A3CEDF6D}.Ad-Hoc|iPhoneSimulator.ActiveCfg = Debug|Any CPU
		{C4EE5059-5F8D-40CD-97EA-F450A3CEDF6D}.Ad-Hoc|iPhoneSimulator.Build.0 = Debug|Any CPU
		{C4EE5059-5F8D-40CD-97EA-F450A3CEDF6D}.Ad-Hoc|x64.ActiveCfg = Debug|Any CPU
		{C4EE5059-5F8D-40CD-97EA-F450A3CEDF6D}.Ad-Hoc|x64.Build.0 = Debug|Any CPU
		{C4EE5059-5F8D-40CD-97EA-F450A3CEDF6D}.Ad-Hoc|x86.ActiveCfg = Debug|Any CPU
		{C4EE5059-5F8D-40CD-97EA-F450A3CEDF6D}.Ad-Hoc|x86.Build.0 = Debug|Any CPU
		{C4EE5059-5F8D-40CD-97EA-F450A3CEDF6D}.AppStore|Any CPU.ActiveCfg = Debug|Any CPU
		{C4EE5059-5F8D-40CD-97EA-F450A3CEDF6D}.AppStore|Any CPU.Build.0 = Debug|Any CPU
		{C4EE5059-5F8D-40CD-97EA-F450A3CEDF6D}.AppStore|ARM.ActiveCfg = Debug|Any CPU
		{C4EE5059-5F8D-40CD-97EA-F450A3CEDF6D}.AppStore|ARM.Build.0 = Debug|Any CPU
		{C4EE5059-5F8D-40CD-97EA-F450A3CEDF6D}.AppStore|ARM64.ActiveCfg = Debug|Any CPU
		{C4EE5059-5F8D-40CD-97EA-F450A3CEDF6D}.AppStore|ARM64.Build.0 = Debug|Any CPU
		{C4EE5059-5F8D-40CD-97EA-F450A3CEDF6D}.AppStore|iPhone.ActiveCfg = Debug|Any CPU
		{C4EE5059-5F8D-40CD-97EA-F450A3CEDF6D}.AppStore|iPhone.Build.0 = Debug|Any CPU
		{C4EE5059-5F8D-40CD-97EA-F450A3CEDF6D}.AppStore|iPhoneSimulator.ActiveCfg = Debug|Any CPU
		{C4EE5059-5F8D-40CD-97EA-F450A3CEDF6D}.AppStore|iPhoneSimulator.Build.0 = Debug|Any CPU
		{C4EE5059-5F8D-40CD-97EA-F450A3CEDF6D}.AppStore|x64.ActiveCfg = Debug|Any CPU
		{C4EE5059-5F8D-40CD-97EA-F450A3CEDF6D}.AppStore|x64.Build.0 = Debug|Any CPU
		{C4EE5059-5F8D-40CD-97EA-F450A3CEDF6D}.AppStore|x86.ActiveCfg = Debug|Any CPU
		{C4EE5059-5F8D-40CD-97EA-F450A3CEDF6D}.AppStore|x86.Build.0 = Debug|Any CPU
		{C4EE5059-5F8D-40CD-97EA-F450A3CEDF6D}.Debug|Any CPU.ActiveCfg = Debug|Any CPU
		{C4EE5059-5F8D-40CD-97EA-F450A3CEDF6D}.Debug|Any CPU.Build.0 = Debug|Any CPU
		{C4EE5059-5F8D-40CD-97EA-F450A3CEDF6D}.Debug|ARM.ActiveCfg = Debug|Any CPU
		{C4EE5059-5F8D-40CD-97EA-F450A3CEDF6D}.Debug|ARM.Build.0 = Debug|Any CPU
		{C4EE5059-5F8D-40CD-97EA-F450A3CEDF6D}.Debug|ARM64.ActiveCfg = Debug|Any CPU
		{C4EE5059-5F8D-40CD-97EA-F450A3CEDF6D}.Debug|ARM64.Build.0 = Debug|Any CPU
		{C4EE5059-5F8D-40CD-97EA-F450A3CEDF6D}.Debug|iPhone.ActiveCfg = Debug|Any CPU
		{C4EE5059-5F8D-40CD-97EA-F450A3CEDF6D}.Debug|iPhone.Build.0 = Debug|Any CPU
		{C4EE5059-5F8D-40CD-97EA-F450A3CEDF6D}.Debug|iPhoneSimulator.ActiveCfg = Debug|Any CPU
		{C4EE5059-5F8D-40CD-97EA-F450A3CEDF6D}.Debug|iPhoneSimulator.Build.0 = Debug|Any CPU
		{C4EE5059-5F8D-40CD-97EA-F450A3CEDF6D}.Debug|x64.ActiveCfg = Debug|Any CPU
		{C4EE5059-5F8D-40CD-97EA-F450A3CEDF6D}.Debug|x64.Build.0 = Debug|Any CPU
		{C4EE5059-5F8D-40CD-97EA-F450A3CEDF6D}.Debug|x86.ActiveCfg = Debug|Any CPU
		{C4EE5059-5F8D-40CD-97EA-F450A3CEDF6D}.Debug|x86.Build.0 = Debug|Any CPU
		{C4EE5059-5F8D-40CD-97EA-F450A3CEDF6D}.Release|Any CPU.ActiveCfg = Release|Any CPU
		{C4EE5059-5F8D-40CD-97EA-F450A3CEDF6D}.Release|Any CPU.Build.0 = Release|Any CPU
		{C4EE5059-5F8D-40CD-97EA-F450A3CEDF6D}.Release|ARM.ActiveCfg = Release|Any CPU
		{C4EE5059-5F8D-40CD-97EA-F450A3CEDF6D}.Release|ARM.Build.0 = Release|Any CPU
		{C4EE5059-5F8D-40CD-97EA-F450A3CEDF6D}.Release|ARM64.ActiveCfg = Release|Any CPU
		{C4EE5059-5F8D-40CD-97EA-F450A3CEDF6D}.Release|ARM64.Build.0 = Release|Any CPU
		{C4EE5059-5F8D-40CD-97EA-F450A3CEDF6D}.Release|iPhone.ActiveCfg = Release|Any CPU
		{C4EE5059-5F8D-40CD-97EA-F450A3CEDF6D}.Release|iPhone.Build.0 = Release|Any CPU
		{C4EE5059-5F8D-40CD-97EA-F450A3CEDF6D}.Release|iPhoneSimulator.ActiveCfg = Release|Any CPU
		{C4EE5059-5F8D-40CD-97EA-F450A3CEDF6D}.Release|iPhoneSimulator.Build.0 = Release|Any CPU
		{C4EE5059-5F8D-40CD-97EA-F450A3CEDF6D}.Release|x64.ActiveCfg = Release|Any CPU
		{C4EE5059-5F8D-40CD-97EA-F450A3CEDF6D}.Release|x64.Build.0 = Release|Any CPU
		{C4EE5059-5F8D-40CD-97EA-F450A3CEDF6D}.Release|x86.ActiveCfg = Release|Any CPU
		{C4EE5059-5F8D-40CD-97EA-F450A3CEDF6D}.Release|x86.Build.0 = Release|Any CPU
		{E0E32D7E-E274-418B-9DB2-D4E03AE46E1A}.Ad-Hoc|Any CPU.ActiveCfg = Debug|Any CPU
		{E0E32D7E-E274-418B-9DB2-D4E03AE46E1A}.Ad-Hoc|Any CPU.Build.0 = Debug|Any CPU
		{E0E32D7E-E274-418B-9DB2-D4E03AE46E1A}.Ad-Hoc|ARM.ActiveCfg = Debug|Any CPU
		{E0E32D7E-E274-418B-9DB2-D4E03AE46E1A}.Ad-Hoc|ARM.Build.0 = Debug|Any CPU
		{E0E32D7E-E274-418B-9DB2-D4E03AE46E1A}.Ad-Hoc|ARM64.ActiveCfg = Debug|Any CPU
		{E0E32D7E-E274-418B-9DB2-D4E03AE46E1A}.Ad-Hoc|ARM64.Build.0 = Debug|Any CPU
		{E0E32D7E-E274-418B-9DB2-D4E03AE46E1A}.Ad-Hoc|iPhone.ActiveCfg = Debug|Any CPU
		{E0E32D7E-E274-418B-9DB2-D4E03AE46E1A}.Ad-Hoc|iPhone.Build.0 = Debug|Any CPU
		{E0E32D7E-E274-418B-9DB2-D4E03AE46E1A}.Ad-Hoc|iPhoneSimulator.ActiveCfg = Debug|Any CPU
		{E0E32D7E-E274-418B-9DB2-D4E03AE46E1A}.Ad-Hoc|iPhoneSimulator.Build.0 = Debug|Any CPU
		{E0E32D7E-E274-418B-9DB2-D4E03AE46E1A}.Ad-Hoc|x64.ActiveCfg = Debug|Any CPU
		{E0E32D7E-E274-418B-9DB2-D4E03AE46E1A}.Ad-Hoc|x64.Build.0 = Debug|Any CPU
		{E0E32D7E-E274-418B-9DB2-D4E03AE46E1A}.Ad-Hoc|x86.ActiveCfg = Debug|Any CPU
		{E0E32D7E-E274-418B-9DB2-D4E03AE46E1A}.Ad-Hoc|x86.Build.0 = Debug|Any CPU
		{E0E32D7E-E274-418B-9DB2-D4E03AE46E1A}.AppStore|Any CPU.ActiveCfg = Debug|Any CPU
		{E0E32D7E-E274-418B-9DB2-D4E03AE46E1A}.AppStore|Any CPU.Build.0 = Debug|Any CPU
		{E0E32D7E-E274-418B-9DB2-D4E03AE46E1A}.AppStore|ARM.ActiveCfg = Debug|Any CPU
		{E0E32D7E-E274-418B-9DB2-D4E03AE46E1A}.AppStore|ARM.Build.0 = Debug|Any CPU
		{E0E32D7E-E274-418B-9DB2-D4E03AE46E1A}.AppStore|ARM64.ActiveCfg = Debug|Any CPU
		{E0E32D7E-E274-418B-9DB2-D4E03AE46E1A}.AppStore|ARM64.Build.0 = Debug|Any CPU
		{E0E32D7E-E274-418B-9DB2-D4E03AE46E1A}.AppStore|iPhone.ActiveCfg = Debug|Any CPU
		{E0E32D7E-E274-418B-9DB2-D4E03AE46E1A}.AppStore|iPhone.Build.0 = Debug|Any CPU
		{E0E32D7E-E274-418B-9DB2-D4E03AE46E1A}.AppStore|iPhoneSimulator.ActiveCfg = Debug|Any CPU
		{E0E32D7E-E274-418B-9DB2-D4E03AE46E1A}.AppStore|iPhoneSimulator.Build.0 = Debug|Any CPU
		{E0E32D7E-E274-418B-9DB2-D4E03AE46E1A}.AppStore|x64.ActiveCfg = Debug|Any CPU
		{E0E32D7E-E274-418B-9DB2-D4E03AE46E1A}.AppStore|x64.Build.0 = Debug|Any CPU
		{E0E32D7E-E274-418B-9DB2-D4E03AE46E1A}.AppStore|x86.ActiveCfg = Debug|Any CPU
		{E0E32D7E-E274-418B-9DB2-D4E03AE46E1A}.AppStore|x86.Build.0 = Debug|Any CPU
		{E0E32D7E-E274-418B-9DB2-D4E03AE46E1A}.Debug|Any CPU.ActiveCfg = Debug|Any CPU
		{E0E32D7E-E274-418B-9DB2-D4E03AE46E1A}.Debug|Any CPU.Build.0 = Debug|Any CPU
		{E0E32D7E-E274-418B-9DB2-D4E03AE46E1A}.Debug|ARM.ActiveCfg = Debug|Any CPU
		{E0E32D7E-E274-418B-9DB2-D4E03AE46E1A}.Debug|ARM.Build.0 = Debug|Any CPU
		{E0E32D7E-E274-418B-9DB2-D4E03AE46E1A}.Debug|ARM64.ActiveCfg = Debug|Any CPU
		{E0E32D7E-E274-418B-9DB2-D4E03AE46E1A}.Debug|ARM64.Build.0 = Debug|Any CPU
		{E0E32D7E-E274-418B-9DB2-D4E03AE46E1A}.Debug|iPhone.ActiveCfg = Debug|Any CPU
		{E0E32D7E-E274-418B-9DB2-D4E03AE46E1A}.Debug|iPhone.Build.0 = Debug|Any CPU
		{E0E32D7E-E274-418B-9DB2-D4E03AE46E1A}.Debug|iPhoneSimulator.ActiveCfg = Debug|Any CPU
		{E0E32D7E-E274-418B-9DB2-D4E03AE46E1A}.Debug|iPhoneSimulator.Build.0 = Debug|Any CPU
		{E0E32D7E-E274-418B-9DB2-D4E03AE46E1A}.Debug|x64.ActiveCfg = Debug|Any CPU
		{E0E32D7E-E274-418B-9DB2-D4E03AE46E1A}.Debug|x64.Build.0 = Debug|Any CPU
		{E0E32D7E-E274-418B-9DB2-D4E03AE46E1A}.Debug|x86.ActiveCfg = Debug|Any CPU
		{E0E32D7E-E274-418B-9DB2-D4E03AE46E1A}.Debug|x86.Build.0 = Debug|Any CPU
		{E0E32D7E-E274-418B-9DB2-D4E03AE46E1A}.Release|Any CPU.ActiveCfg = Release|Any CPU
		{E0E32D7E-E274-418B-9DB2-D4E03AE46E1A}.Release|Any CPU.Build.0 = Release|Any CPU
		{E0E32D7E-E274-418B-9DB2-D4E03AE46E1A}.Release|ARM.ActiveCfg = Release|Any CPU
		{E0E32D7E-E274-418B-9DB2-D4E03AE46E1A}.Release|ARM.Build.0 = Release|Any CPU
		{E0E32D7E-E274-418B-9DB2-D4E03AE46E1A}.Release|ARM64.ActiveCfg = Release|Any CPU
		{E0E32D7E-E274-418B-9DB2-D4E03AE46E1A}.Release|ARM64.Build.0 = Release|Any CPU
		{E0E32D7E-E274-418B-9DB2-D4E03AE46E1A}.Release|iPhone.ActiveCfg = Release|Any CPU
		{E0E32D7E-E274-418B-9DB2-D4E03AE46E1A}.Release|iPhone.Build.0 = Release|Any CPU
		{E0E32D7E-E274-418B-9DB2-D4E03AE46E1A}.Release|iPhoneSimulator.ActiveCfg = Release|Any CPU
		{E0E32D7E-E274-418B-9DB2-D4E03AE46E1A}.Release|iPhoneSimulator.Build.0 = Release|Any CPU
		{E0E32D7E-E274-418B-9DB2-D4E03AE46E1A}.Release|x64.ActiveCfg = Release|Any CPU
		{E0E32D7E-E274-418B-9DB2-D4E03AE46E1A}.Release|x64.Build.0 = Release|Any CPU
		{E0E32D7E-E274-418B-9DB2-D4E03AE46E1A}.Release|x86.ActiveCfg = Release|Any CPU
		{E0E32D7E-E274-418B-9DB2-D4E03AE46E1A}.Release|x86.Build.0 = Release|Any CPU
		{31223F7E-506F-4FD2-905B-9C9D75DBDFB6}.Ad-Hoc|Any CPU.ActiveCfg = Debug|Any CPU
		{31223F7E-506F-4FD2-905B-9C9D75DBDFB6}.Ad-Hoc|ARM.ActiveCfg = Debug|Any CPU
		{31223F7E-506F-4FD2-905B-9C9D75DBDFB6}.Ad-Hoc|ARM64.ActiveCfg = Debug|Any CPU
		{31223F7E-506F-4FD2-905B-9C9D75DBDFB6}.Ad-Hoc|iPhone.ActiveCfg = Debug|Any CPU
		{31223F7E-506F-4FD2-905B-9C9D75DBDFB6}.Ad-Hoc|iPhoneSimulator.ActiveCfg = Debug|Any CPU
		{31223F7E-506F-4FD2-905B-9C9D75DBDFB6}.Ad-Hoc|x64.ActiveCfg = Debug|Any CPU
		{31223F7E-506F-4FD2-905B-9C9D75DBDFB6}.Ad-Hoc|x86.ActiveCfg = Debug|Any CPU
		{31223F7E-506F-4FD2-905B-9C9D75DBDFB6}.AppStore|Any CPU.ActiveCfg = Debug|Any CPU
		{31223F7E-506F-4FD2-905B-9C9D75DBDFB6}.AppStore|ARM.ActiveCfg = Debug|Any CPU
		{31223F7E-506F-4FD2-905B-9C9D75DBDFB6}.AppStore|ARM64.ActiveCfg = Debug|Any CPU
		{31223F7E-506F-4FD2-905B-9C9D75DBDFB6}.AppStore|iPhone.ActiveCfg = Debug|Any CPU
		{31223F7E-506F-4FD2-905B-9C9D75DBDFB6}.AppStore|iPhoneSimulator.ActiveCfg = Debug|Any CPU
		{31223F7E-506F-4FD2-905B-9C9D75DBDFB6}.AppStore|x64.ActiveCfg = Debug|Any CPU
		{31223F7E-506F-4FD2-905B-9C9D75DBDFB6}.AppStore|x86.ActiveCfg = Debug|Any CPU
		{31223F7E-506F-4FD2-905B-9C9D75DBDFB6}.Debug|Any CPU.ActiveCfg = Debug|Any CPU
		{31223F7E-506F-4FD2-905B-9C9D75DBDFB6}.Debug|ARM.ActiveCfg = Debug|Any CPU
		{31223F7E-506F-4FD2-905B-9C9D75DBDFB6}.Debug|ARM64.ActiveCfg = Debug|Any CPU
		{31223F7E-506F-4FD2-905B-9C9D75DBDFB6}.Debug|iPhone.ActiveCfg = Debug|Any CPU
		{31223F7E-506F-4FD2-905B-9C9D75DBDFB6}.Debug|iPhoneSimulator.ActiveCfg = Debug|Any CPU
		{31223F7E-506F-4FD2-905B-9C9D75DBDFB6}.Debug|x64.ActiveCfg = Debug|Any CPU
		{31223F7E-506F-4FD2-905B-9C9D75DBDFB6}.Debug|x86.ActiveCfg = Debug|Any CPU
		{31223F7E-506F-4FD2-905B-9C9D75DBDFB6}.Release|Any CPU.ActiveCfg = Release|Any CPU
		{31223F7E-506F-4FD2-905B-9C9D75DBDFB6}.Release|ARM.ActiveCfg = Release|Any CPU
		{31223F7E-506F-4FD2-905B-9C9D75DBDFB6}.Release|ARM64.ActiveCfg = Release|Any CPU
		{31223F7E-506F-4FD2-905B-9C9D75DBDFB6}.Release|iPhone.ActiveCfg = Release|Any CPU
		{31223F7E-506F-4FD2-905B-9C9D75DBDFB6}.Release|iPhoneSimulator.ActiveCfg = Release|Any CPU
		{31223F7E-506F-4FD2-905B-9C9D75DBDFB6}.Release|x64.ActiveCfg = Release|Any CPU
		{31223F7E-506F-4FD2-905B-9C9D75DBDFB6}.Release|x86.ActiveCfg = Release|Any CPU
		{BF5976C8-2143-4769-A029-0B1C64B18F81}.Ad-Hoc|Any CPU.ActiveCfg = Debug|Any CPU
		{BF5976C8-2143-4769-A029-0B1C64B18F81}.Ad-Hoc|Any CPU.Build.0 = Debug|Any CPU
		{BF5976C8-2143-4769-A029-0B1C64B18F81}.Ad-Hoc|ARM.ActiveCfg = Debug|Any CPU
		{BF5976C8-2143-4769-A029-0B1C64B18F81}.Ad-Hoc|ARM.Build.0 = Debug|Any CPU
		{BF5976C8-2143-4769-A029-0B1C64B18F81}.Ad-Hoc|ARM64.ActiveCfg = Debug|Any CPU
		{BF5976C8-2143-4769-A029-0B1C64B18F81}.Ad-Hoc|ARM64.Build.0 = Debug|Any CPU
		{BF5976C8-2143-4769-A029-0B1C64B18F81}.Ad-Hoc|iPhone.ActiveCfg = Debug|Any CPU
		{BF5976C8-2143-4769-A029-0B1C64B18F81}.Ad-Hoc|iPhone.Build.0 = Debug|Any CPU
		{BF5976C8-2143-4769-A029-0B1C64B18F81}.Ad-Hoc|iPhoneSimulator.ActiveCfg = Debug|Any CPU
		{BF5976C8-2143-4769-A029-0B1C64B18F81}.Ad-Hoc|iPhoneSimulator.Build.0 = Debug|Any CPU
		{BF5976C8-2143-4769-A029-0B1C64B18F81}.Ad-Hoc|x64.ActiveCfg = Debug|Any CPU
		{BF5976C8-2143-4769-A029-0B1C64B18F81}.Ad-Hoc|x64.Build.0 = Debug|Any CPU
		{BF5976C8-2143-4769-A029-0B1C64B18F81}.Ad-Hoc|x86.ActiveCfg = Debug|Any CPU
		{BF5976C8-2143-4769-A029-0B1C64B18F81}.Ad-Hoc|x86.Build.0 = Debug|Any CPU
		{BF5976C8-2143-4769-A029-0B1C64B18F81}.AppStore|Any CPU.ActiveCfg = Debug|Any CPU
		{BF5976C8-2143-4769-A029-0B1C64B18F81}.AppStore|Any CPU.Build.0 = Debug|Any CPU
		{BF5976C8-2143-4769-A029-0B1C64B18F81}.AppStore|ARM.ActiveCfg = Debug|Any CPU
		{BF5976C8-2143-4769-A029-0B1C64B18F81}.AppStore|ARM.Build.0 = Debug|Any CPU
		{BF5976C8-2143-4769-A029-0B1C64B18F81}.AppStore|ARM64.ActiveCfg = Debug|Any CPU
		{BF5976C8-2143-4769-A029-0B1C64B18F81}.AppStore|ARM64.Build.0 = Debug|Any CPU
		{BF5976C8-2143-4769-A029-0B1C64B18F81}.AppStore|iPhone.ActiveCfg = Debug|Any CPU
		{BF5976C8-2143-4769-A029-0B1C64B18F81}.AppStore|iPhone.Build.0 = Debug|Any CPU
		{BF5976C8-2143-4769-A029-0B1C64B18F81}.AppStore|iPhoneSimulator.ActiveCfg = Debug|Any CPU
		{BF5976C8-2143-4769-A029-0B1C64B18F81}.AppStore|iPhoneSimulator.Build.0 = Debug|Any CPU
		{BF5976C8-2143-4769-A029-0B1C64B18F81}.AppStore|x64.ActiveCfg = Debug|Any CPU
		{BF5976C8-2143-4769-A029-0B1C64B18F81}.AppStore|x64.Build.0 = Debug|Any CPU
		{BF5976C8-2143-4769-A029-0B1C64B18F81}.AppStore|x86.ActiveCfg = Debug|Any CPU
		{BF5976C8-2143-4769-A029-0B1C64B18F81}.AppStore|x86.Build.0 = Debug|Any CPU
		{BF5976C8-2143-4769-A029-0B1C64B18F81}.Debug|Any CPU.ActiveCfg = Debug|Any CPU
		{BF5976C8-2143-4769-A029-0B1C64B18F81}.Debug|Any CPU.Build.0 = Debug|Any CPU
		{BF5976C8-2143-4769-A029-0B1C64B18F81}.Debug|ARM.ActiveCfg = Debug|Any CPU
		{BF5976C8-2143-4769-A029-0B1C64B18F81}.Debug|ARM.Build.0 = Debug|Any CPU
		{BF5976C8-2143-4769-A029-0B1C64B18F81}.Debug|ARM64.ActiveCfg = Debug|Any CPU
		{BF5976C8-2143-4769-A029-0B1C64B18F81}.Debug|ARM64.Build.0 = Debug|Any CPU
		{BF5976C8-2143-4769-A029-0B1C64B18F81}.Debug|iPhone.ActiveCfg = Debug|Any CPU
		{BF5976C8-2143-4769-A029-0B1C64B18F81}.Debug|iPhone.Build.0 = Debug|Any CPU
		{BF5976C8-2143-4769-A029-0B1C64B18F81}.Debug|iPhoneSimulator.ActiveCfg = Debug|Any CPU
		{BF5976C8-2143-4769-A029-0B1C64B18F81}.Debug|iPhoneSimulator.Build.0 = Debug|Any CPU
		{BF5976C8-2143-4769-A029-0B1C64B18F81}.Debug|x64.ActiveCfg = Debug|Any CPU
		{BF5976C8-2143-4769-A029-0B1C64B18F81}.Debug|x64.Build.0 = Debug|Any CPU
		{BF5976C8-2143-4769-A029-0B1C64B18F81}.Debug|x86.ActiveCfg = Debug|Any CPU
		{BF5976C8-2143-4769-A029-0B1C64B18F81}.Debug|x86.Build.0 = Debug|Any CPU
		{BF5976C8-2143-4769-A029-0B1C64B18F81}.Release|Any CPU.ActiveCfg = Release|Any CPU
		{BF5976C8-2143-4769-A029-0B1C64B18F81}.Release|Any CPU.Build.0 = Release|Any CPU
		{BF5976C8-2143-4769-A029-0B1C64B18F81}.Release|ARM.ActiveCfg = Release|Any CPU
		{BF5976C8-2143-4769-A029-0B1C64B18F81}.Release|ARM.Build.0 = Release|Any CPU
		{BF5976C8-2143-4769-A029-0B1C64B18F81}.Release|ARM64.ActiveCfg = Release|Any CPU
		{BF5976C8-2143-4769-A029-0B1C64B18F81}.Release|ARM64.Build.0 = Release|Any CPU
		{BF5976C8-2143-4769-A029-0B1C64B18F81}.Release|iPhone.ActiveCfg = Release|Any CPU
		{BF5976C8-2143-4769-A029-0B1C64B18F81}.Release|iPhone.Build.0 = Release|Any CPU
		{BF5976C8-2143-4769-A029-0B1C64B18F81}.Release|iPhoneSimulator.ActiveCfg = Release|Any CPU
		{BF5976C8-2143-4769-A029-0B1C64B18F81}.Release|iPhoneSimulator.Build.0 = Release|Any CPU
		{BF5976C8-2143-4769-A029-0B1C64B18F81}.Release|x64.ActiveCfg = Release|Any CPU
		{BF5976C8-2143-4769-A029-0B1C64B18F81}.Release|x64.Build.0 = Release|Any CPU
		{BF5976C8-2143-4769-A029-0B1C64B18F81}.Release|x86.ActiveCfg = Release|Any CPU
		{BF5976C8-2143-4769-A029-0B1C64B18F81}.Release|x86.Build.0 = Release|Any CPU
		{E2CEE984-3D12-4A23-989D-A22FCC6669EC}.Ad-Hoc|Any CPU.ActiveCfg = Debug|Any CPU
		{E2CEE984-3D12-4A23-989D-A22FCC6669EC}.Ad-Hoc|Any CPU.Build.0 = Debug|Any CPU
		{E2CEE984-3D12-4A23-989D-A22FCC6669EC}.Ad-Hoc|ARM.ActiveCfg = Debug|Any CPU
		{E2CEE984-3D12-4A23-989D-A22FCC6669EC}.Ad-Hoc|ARM.Build.0 = Debug|Any CPU
		{E2CEE984-3D12-4A23-989D-A22FCC6669EC}.Ad-Hoc|ARM64.ActiveCfg = Debug|Any CPU
		{E2CEE984-3D12-4A23-989D-A22FCC6669EC}.Ad-Hoc|ARM64.Build.0 = Debug|Any CPU
		{E2CEE984-3D12-4A23-989D-A22FCC6669EC}.Ad-Hoc|iPhone.ActiveCfg = Debug|Any CPU
		{E2CEE984-3D12-4A23-989D-A22FCC6669EC}.Ad-Hoc|iPhone.Build.0 = Debug|Any CPU
		{E2CEE984-3D12-4A23-989D-A22FCC6669EC}.Ad-Hoc|iPhoneSimulator.ActiveCfg = Debug|Any CPU
		{E2CEE984-3D12-4A23-989D-A22FCC6669EC}.Ad-Hoc|iPhoneSimulator.Build.0 = Debug|Any CPU
		{E2CEE984-3D12-4A23-989D-A22FCC6669EC}.Ad-Hoc|x64.ActiveCfg = Debug|Any CPU
		{E2CEE984-3D12-4A23-989D-A22FCC6669EC}.Ad-Hoc|x64.Build.0 = Debug|Any CPU
		{E2CEE984-3D12-4A23-989D-A22FCC6669EC}.Ad-Hoc|x86.ActiveCfg = Debug|Any CPU
		{E2CEE984-3D12-4A23-989D-A22FCC6669EC}.Ad-Hoc|x86.Build.0 = Debug|Any CPU
		{E2CEE984-3D12-4A23-989D-A22FCC6669EC}.AppStore|Any CPU.ActiveCfg = Debug|Any CPU
		{E2CEE984-3D12-4A23-989D-A22FCC6669EC}.AppStore|Any CPU.Build.0 = Debug|Any CPU
		{E2CEE984-3D12-4A23-989D-A22FCC6669EC}.AppStore|ARM.ActiveCfg = Debug|Any CPU
		{E2CEE984-3D12-4A23-989D-A22FCC6669EC}.AppStore|ARM.Build.0 = Debug|Any CPU
		{E2CEE984-3D12-4A23-989D-A22FCC6669EC}.AppStore|ARM64.ActiveCfg = Debug|Any CPU
		{E2CEE984-3D12-4A23-989D-A22FCC6669EC}.AppStore|ARM64.Build.0 = Debug|Any CPU
		{E2CEE984-3D12-4A23-989D-A22FCC6669EC}.AppStore|iPhone.ActiveCfg = Debug|Any CPU
		{E2CEE984-3D12-4A23-989D-A22FCC6669EC}.AppStore|iPhone.Build.0 = Debug|Any CPU
		{E2CEE984-3D12-4A23-989D-A22FCC6669EC}.AppStore|iPhoneSimulator.ActiveCfg = Debug|Any CPU
		{E2CEE984-3D12-4A23-989D-A22FCC6669EC}.AppStore|iPhoneSimulator.Build.0 = Debug|Any CPU
		{E2CEE984-3D12-4A23-989D-A22FCC6669EC}.AppStore|x64.ActiveCfg = Debug|Any CPU
		{E2CEE984-3D12-4A23-989D-A22FCC6669EC}.AppStore|x64.Build.0 = Debug|Any CPU
		{E2CEE984-3D12-4A23-989D-A22FCC6669EC}.AppStore|x86.ActiveCfg = Debug|Any CPU
		{E2CEE984-3D12-4A23-989D-A22FCC6669EC}.AppStore|x86.Build.0 = Debug|Any CPU
		{E2CEE984-3D12-4A23-989D-A22FCC6669EC}.Debug|Any CPU.ActiveCfg = Debug|Any CPU
		{E2CEE984-3D12-4A23-989D-A22FCC6669EC}.Debug|Any CPU.Build.0 = Debug|Any CPU
		{E2CEE984-3D12-4A23-989D-A22FCC6669EC}.Debug|ARM.ActiveCfg = Debug|Any CPU
		{E2CEE984-3D12-4A23-989D-A22FCC6669EC}.Debug|ARM.Build.0 = Debug|Any CPU
		{E2CEE984-3D12-4A23-989D-A22FCC6669EC}.Debug|ARM64.ActiveCfg = Debug|Any CPU
		{E2CEE984-3D12-4A23-989D-A22FCC6669EC}.Debug|ARM64.Build.0 = Debug|Any CPU
		{E2CEE984-3D12-4A23-989D-A22FCC6669EC}.Debug|iPhone.ActiveCfg = Debug|Any CPU
		{E2CEE984-3D12-4A23-989D-A22FCC6669EC}.Debug|iPhone.Build.0 = Debug|Any CPU
		{E2CEE984-3D12-4A23-989D-A22FCC6669EC}.Debug|iPhoneSimulator.ActiveCfg = Debug|Any CPU
		{E2CEE984-3D12-4A23-989D-A22FCC6669EC}.Debug|iPhoneSimulator.Build.0 = Debug|Any CPU
		{E2CEE984-3D12-4A23-989D-A22FCC6669EC}.Debug|x64.ActiveCfg = Debug|Any CPU
		{E2CEE984-3D12-4A23-989D-A22FCC6669EC}.Debug|x64.Build.0 = Debug|Any CPU
		{E2CEE984-3D12-4A23-989D-A22FCC6669EC}.Debug|x86.ActiveCfg = Debug|Any CPU
		{E2CEE984-3D12-4A23-989D-A22FCC6669EC}.Debug|x86.Build.0 = Debug|Any CPU
		{E2CEE984-3D12-4A23-989D-A22FCC6669EC}.Release|Any CPU.ActiveCfg = Release|Any CPU
		{E2CEE984-3D12-4A23-989D-A22FCC6669EC}.Release|Any CPU.Build.0 = Release|Any CPU
		{E2CEE984-3D12-4A23-989D-A22FCC6669EC}.Release|ARM.ActiveCfg = Release|Any CPU
		{E2CEE984-3D12-4A23-989D-A22FCC6669EC}.Release|ARM.Build.0 = Release|Any CPU
		{E2CEE984-3D12-4A23-989D-A22FCC6669EC}.Release|ARM64.ActiveCfg = Release|Any CPU
		{E2CEE984-3D12-4A23-989D-A22FCC6669EC}.Release|ARM64.Build.0 = Release|Any CPU
		{E2CEE984-3D12-4A23-989D-A22FCC6669EC}.Release|iPhone.ActiveCfg = Release|Any CPU
		{E2CEE984-3D12-4A23-989D-A22FCC6669EC}.Release|iPhone.Build.0 = Release|Any CPU
		{E2CEE984-3D12-4A23-989D-A22FCC6669EC}.Release|iPhoneSimulator.ActiveCfg = Release|Any CPU
		{E2CEE984-3D12-4A23-989D-A22FCC6669EC}.Release|iPhoneSimulator.Build.0 = Release|Any CPU
		{E2CEE984-3D12-4A23-989D-A22FCC6669EC}.Release|x64.ActiveCfg = Release|Any CPU
		{E2CEE984-3D12-4A23-989D-A22FCC6669EC}.Release|x64.Build.0 = Release|Any CPU
		{E2CEE984-3D12-4A23-989D-A22FCC6669EC}.Release|x86.ActiveCfg = Release|Any CPU
		{E2CEE984-3D12-4A23-989D-A22FCC6669EC}.Release|x86.Build.0 = Release|Any CPU
		{5F77F90B-BAED-41D4-9739-5E7A116644EB}.Ad-Hoc|Any CPU.ActiveCfg = Debug|Any CPU
		{5F77F90B-BAED-41D4-9739-5E7A116644EB}.Ad-Hoc|Any CPU.Build.0 = Debug|Any CPU
		{5F77F90B-BAED-41D4-9739-5E7A116644EB}.Ad-Hoc|ARM.ActiveCfg = Debug|Any CPU
		{5F77F90B-BAED-41D4-9739-5E7A116644EB}.Ad-Hoc|ARM.Build.0 = Debug|Any CPU
		{5F77F90B-BAED-41D4-9739-5E7A116644EB}.Ad-Hoc|ARM64.ActiveCfg = Debug|Any CPU
		{5F77F90B-BAED-41D4-9739-5E7A116644EB}.Ad-Hoc|ARM64.Build.0 = Debug|Any CPU
		{5F77F90B-BAED-41D4-9739-5E7A116644EB}.Ad-Hoc|iPhone.ActiveCfg = Debug|Any CPU
		{5F77F90B-BAED-41D4-9739-5E7A116644EB}.Ad-Hoc|iPhone.Build.0 = Debug|Any CPU
		{5F77F90B-BAED-41D4-9739-5E7A116644EB}.Ad-Hoc|iPhoneSimulator.ActiveCfg = Debug|Any CPU
		{5F77F90B-BAED-41D4-9739-5E7A116644EB}.Ad-Hoc|iPhoneSimulator.Build.0 = Debug|Any CPU
		{5F77F90B-BAED-41D4-9739-5E7A116644EB}.Ad-Hoc|x64.ActiveCfg = Debug|Any CPU
		{5F77F90B-BAED-41D4-9739-5E7A116644EB}.Ad-Hoc|x64.Build.0 = Debug|Any CPU
		{5F77F90B-BAED-41D4-9739-5E7A116644EB}.Ad-Hoc|x86.ActiveCfg = Debug|Any CPU
		{5F77F90B-BAED-41D4-9739-5E7A116644EB}.Ad-Hoc|x86.Build.0 = Debug|Any CPU
		{5F77F90B-BAED-41D4-9739-5E7A116644EB}.AppStore|Any CPU.ActiveCfg = Debug|Any CPU
		{5F77F90B-BAED-41D4-9739-5E7A116644EB}.AppStore|Any CPU.Build.0 = Debug|Any CPU
		{5F77F90B-BAED-41D4-9739-5E7A116644EB}.AppStore|ARM.ActiveCfg = Debug|Any CPU
		{5F77F90B-BAED-41D4-9739-5E7A116644EB}.AppStore|ARM.Build.0 = Debug|Any CPU
		{5F77F90B-BAED-41D4-9739-5E7A116644EB}.AppStore|ARM64.ActiveCfg = Debug|Any CPU
		{5F77F90B-BAED-41D4-9739-5E7A116644EB}.AppStore|ARM64.Build.0 = Debug|Any CPU
		{5F77F90B-BAED-41D4-9739-5E7A116644EB}.AppStore|iPhone.ActiveCfg = Debug|Any CPU
		{5F77F90B-BAED-41D4-9739-5E7A116644EB}.AppStore|iPhone.Build.0 = Debug|Any CPU
		{5F77F90B-BAED-41D4-9739-5E7A116644EB}.AppStore|iPhoneSimulator.ActiveCfg = Debug|Any CPU
		{5F77F90B-BAED-41D4-9739-5E7A116644EB}.AppStore|iPhoneSimulator.Build.0 = Debug|Any CPU
		{5F77F90B-BAED-41D4-9739-5E7A116644EB}.AppStore|x64.ActiveCfg = Debug|Any CPU
		{5F77F90B-BAED-41D4-9739-5E7A116644EB}.AppStore|x64.Build.0 = Debug|Any CPU
		{5F77F90B-BAED-41D4-9739-5E7A116644EB}.AppStore|x86.ActiveCfg = Debug|Any CPU
		{5F77F90B-BAED-41D4-9739-5E7A116644EB}.AppStore|x86.Build.0 = Debug|Any CPU
		{5F77F90B-BAED-41D4-9739-5E7A116644EB}.Debug|Any CPU.ActiveCfg = Debug|Any CPU
		{5F77F90B-BAED-41D4-9739-5E7A116644EB}.Debug|Any CPU.Build.0 = Debug|Any CPU
		{5F77F90B-BAED-41D4-9739-5E7A116644EB}.Debug|ARM.ActiveCfg = Debug|Any CPU
		{5F77F90B-BAED-41D4-9739-5E7A116644EB}.Debug|ARM.Build.0 = Debug|Any CPU
		{5F77F90B-BAED-41D4-9739-5E7A116644EB}.Debug|ARM64.ActiveCfg = Debug|Any CPU
		{5F77F90B-BAED-41D4-9739-5E7A116644EB}.Debug|ARM64.Build.0 = Debug|Any CPU
		{5F77F90B-BAED-41D4-9739-5E7A116644EB}.Debug|iPhone.ActiveCfg = Debug|Any CPU
		{5F77F90B-BAED-41D4-9739-5E7A116644EB}.Debug|iPhone.Build.0 = Debug|Any CPU
		{5F77F90B-BAED-41D4-9739-5E7A116644EB}.Debug|iPhoneSimulator.ActiveCfg = Debug|Any CPU
		{5F77F90B-BAED-41D4-9739-5E7A116644EB}.Debug|iPhoneSimulator.Build.0 = Debug|Any CPU
		{5F77F90B-BAED-41D4-9739-5E7A116644EB}.Debug|x64.ActiveCfg = Debug|Any CPU
		{5F77F90B-BAED-41D4-9739-5E7A116644EB}.Debug|x64.Build.0 = Debug|Any CPU
		{5F77F90B-BAED-41D4-9739-5E7A116644EB}.Debug|x86.ActiveCfg = Debug|Any CPU
		{5F77F90B-BAED-41D4-9739-5E7A116644EB}.Debug|x86.Build.0 = Debug|Any CPU
		{5F77F90B-BAED-41D4-9739-5E7A116644EB}.Release|Any CPU.ActiveCfg = Release|Any CPU
		{5F77F90B-BAED-41D4-9739-5E7A116644EB}.Release|Any CPU.Build.0 = Release|Any CPU
		{5F77F90B-BAED-41D4-9739-5E7A116644EB}.Release|ARM.ActiveCfg = Release|Any CPU
		{5F77F90B-BAED-41D4-9739-5E7A116644EB}.Release|ARM.Build.0 = Release|Any CPU
		{5F77F90B-BAED-41D4-9739-5E7A116644EB}.Release|ARM64.ActiveCfg = Release|Any CPU
		{5F77F90B-BAED-41D4-9739-5E7A116644EB}.Release|ARM64.Build.0 = Release|Any CPU
		{5F77F90B-BAED-41D4-9739-5E7A116644EB}.Release|iPhone.ActiveCfg = Release|Any CPU
		{5F77F90B-BAED-41D4-9739-5E7A116644EB}.Release|iPhone.Build.0 = Release|Any CPU
		{5F77F90B-BAED-41D4-9739-5E7A116644EB}.Release|iPhoneSimulator.ActiveCfg = Release|Any CPU
		{5F77F90B-BAED-41D4-9739-5E7A116644EB}.Release|iPhoneSimulator.Build.0 = Release|Any CPU
		{5F77F90B-BAED-41D4-9739-5E7A116644EB}.Release|x64.ActiveCfg = Release|Any CPU
		{5F77F90B-BAED-41D4-9739-5E7A116644EB}.Release|x64.Build.0 = Release|Any CPU
		{5F77F90B-BAED-41D4-9739-5E7A116644EB}.Release|x86.ActiveCfg = Release|Any CPU
		{5F77F90B-BAED-41D4-9739-5E7A116644EB}.Release|x86.Build.0 = Release|Any CPU
		{65F8328B-F797-49B7-BED9-4318EFB3FF04}.Ad-Hoc|Any CPU.ActiveCfg = Debug|Any CPU
		{65F8328B-F797-49B7-BED9-4318EFB3FF04}.Ad-Hoc|Any CPU.Build.0 = Debug|Any CPU
		{65F8328B-F797-49B7-BED9-4318EFB3FF04}.Ad-Hoc|ARM.ActiveCfg = Debug|Any CPU
		{65F8328B-F797-49B7-BED9-4318EFB3FF04}.Ad-Hoc|ARM.Build.0 = Debug|Any CPU
		{65F8328B-F797-49B7-BED9-4318EFB3FF04}.Ad-Hoc|ARM64.ActiveCfg = Debug|Any CPU
		{65F8328B-F797-49B7-BED9-4318EFB3FF04}.Ad-Hoc|ARM64.Build.0 = Debug|Any CPU
		{65F8328B-F797-49B7-BED9-4318EFB3FF04}.Ad-Hoc|iPhone.ActiveCfg = Debug|Any CPU
		{65F8328B-F797-49B7-BED9-4318EFB3FF04}.Ad-Hoc|iPhone.Build.0 = Debug|Any CPU
		{65F8328B-F797-49B7-BED9-4318EFB3FF04}.Ad-Hoc|iPhoneSimulator.ActiveCfg = Debug|Any CPU
		{65F8328B-F797-49B7-BED9-4318EFB3FF04}.Ad-Hoc|iPhoneSimulator.Build.0 = Debug|Any CPU
		{65F8328B-F797-49B7-BED9-4318EFB3FF04}.Ad-Hoc|x64.ActiveCfg = Debug|Any CPU
		{65F8328B-F797-49B7-BED9-4318EFB3FF04}.Ad-Hoc|x64.Build.0 = Debug|Any CPU
		{65F8328B-F797-49B7-BED9-4318EFB3FF04}.Ad-Hoc|x86.ActiveCfg = Debug|Any CPU
		{65F8328B-F797-49B7-BED9-4318EFB3FF04}.Ad-Hoc|x86.Build.0 = Debug|Any CPU
		{65F8328B-F797-49B7-BED9-4318EFB3FF04}.AppStore|Any CPU.ActiveCfg = Debug|Any CPU
		{65F8328B-F797-49B7-BED9-4318EFB3FF04}.AppStore|Any CPU.Build.0 = Debug|Any CPU
		{65F8328B-F797-49B7-BED9-4318EFB3FF04}.AppStore|ARM.ActiveCfg = Debug|Any CPU
		{65F8328B-F797-49B7-BED9-4318EFB3FF04}.AppStore|ARM.Build.0 = Debug|Any CPU
		{65F8328B-F797-49B7-BED9-4318EFB3FF04}.AppStore|ARM64.ActiveCfg = Debug|Any CPU
		{65F8328B-F797-49B7-BED9-4318EFB3FF04}.AppStore|ARM64.Build.0 = Debug|Any CPU
		{65F8328B-F797-49B7-BED9-4318EFB3FF04}.AppStore|iPhone.ActiveCfg = Debug|Any CPU
		{65F8328B-F797-49B7-BED9-4318EFB3FF04}.AppStore|iPhone.Build.0 = Debug|Any CPU
		{65F8328B-F797-49B7-BED9-4318EFB3FF04}.AppStore|iPhoneSimulator.ActiveCfg = Debug|Any CPU
		{65F8328B-F797-49B7-BED9-4318EFB3FF04}.AppStore|iPhoneSimulator.Build.0 = Debug|Any CPU
		{65F8328B-F797-49B7-BED9-4318EFB3FF04}.AppStore|x64.ActiveCfg = Debug|Any CPU
		{65F8328B-F797-49B7-BED9-4318EFB3FF04}.AppStore|x64.Build.0 = Debug|Any CPU
		{65F8328B-F797-49B7-BED9-4318EFB3FF04}.AppStore|x86.ActiveCfg = Debug|Any CPU
		{65F8328B-F797-49B7-BED9-4318EFB3FF04}.AppStore|x86.Build.0 = Debug|Any CPU
		{65F8328B-F797-49B7-BED9-4318EFB3FF04}.Debug|Any CPU.ActiveCfg = Debug|Any CPU
		{65F8328B-F797-49B7-BED9-4318EFB3FF04}.Debug|Any CPU.Build.0 = Debug|Any CPU
		{65F8328B-F797-49B7-BED9-4318EFB3FF04}.Debug|ARM.ActiveCfg = Debug|Any CPU
		{65F8328B-F797-49B7-BED9-4318EFB3FF04}.Debug|ARM.Build.0 = Debug|Any CPU
		{65F8328B-F797-49B7-BED9-4318EFB3FF04}.Debug|ARM64.ActiveCfg = Debug|Any CPU
		{65F8328B-F797-49B7-BED9-4318EFB3FF04}.Debug|ARM64.Build.0 = Debug|Any CPU
		{65F8328B-F797-49B7-BED9-4318EFB3FF04}.Debug|iPhone.ActiveCfg = Debug|Any CPU
		{65F8328B-F797-49B7-BED9-4318EFB3FF04}.Debug|iPhone.Build.0 = Debug|Any CPU
		{65F8328B-F797-49B7-BED9-4318EFB3FF04}.Debug|iPhoneSimulator.ActiveCfg = Debug|Any CPU
		{65F8328B-F797-49B7-BED9-4318EFB3FF04}.Debug|iPhoneSimulator.Build.0 = Debug|Any CPU
		{65F8328B-F797-49B7-BED9-4318EFB3FF04}.Debug|x64.ActiveCfg = Debug|Any CPU
		{65F8328B-F797-49B7-BED9-4318EFB3FF04}.Debug|x64.Build.0 = Debug|Any CPU
		{65F8328B-F797-49B7-BED9-4318EFB3FF04}.Debug|x86.ActiveCfg = Debug|Any CPU
		{65F8328B-F797-49B7-BED9-4318EFB3FF04}.Debug|x86.Build.0 = Debug|Any CPU
		{65F8328B-F797-49B7-BED9-4318EFB3FF04}.Release|Any CPU.ActiveCfg = Release|Any CPU
		{65F8328B-F797-49B7-BED9-4318EFB3FF04}.Release|Any CPU.Build.0 = Release|Any CPU
		{65F8328B-F797-49B7-BED9-4318EFB3FF04}.Release|ARM.ActiveCfg = Release|Any CPU
		{65F8328B-F797-49B7-BED9-4318EFB3FF04}.Release|ARM.Build.0 = Release|Any CPU
		{65F8328B-F797-49B7-BED9-4318EFB3FF04}.Release|ARM64.ActiveCfg = Release|Any CPU
		{65F8328B-F797-49B7-BED9-4318EFB3FF04}.Release|ARM64.Build.0 = Release|Any CPU
		{65F8328B-F797-49B7-BED9-4318EFB3FF04}.Release|iPhone.ActiveCfg = Release|Any CPU
		{65F8328B-F797-49B7-BED9-4318EFB3FF04}.Release|iPhone.Build.0 = Release|Any CPU
		{65F8328B-F797-49B7-BED9-4318EFB3FF04}.Release|iPhoneSimulator.ActiveCfg = Release|Any CPU
		{65F8328B-F797-49B7-BED9-4318EFB3FF04}.Release|iPhoneSimulator.Build.0 = Release|Any CPU
		{65F8328B-F797-49B7-BED9-4318EFB3FF04}.Release|x64.ActiveCfg = Release|Any CPU
		{65F8328B-F797-49B7-BED9-4318EFB3FF04}.Release|x64.Build.0 = Release|Any CPU
		{65F8328B-F797-49B7-BED9-4318EFB3FF04}.Release|x86.ActiveCfg = Release|Any CPU
		{65F8328B-F797-49B7-BED9-4318EFB3FF04}.Release|x86.Build.0 = Release|Any CPU
		{ED9A8DF0-0CBB-4359-9BB2-0B2A084EF07F}.Ad-Hoc|Any CPU.ActiveCfg = Debug|Any CPU
		{ED9A8DF0-0CBB-4359-9BB2-0B2A084EF07F}.Ad-Hoc|Any CPU.Build.0 = Debug|Any CPU
		{ED9A8DF0-0CBB-4359-9BB2-0B2A084EF07F}.Ad-Hoc|ARM.ActiveCfg = Debug|Any CPU
		{ED9A8DF0-0CBB-4359-9BB2-0B2A084EF07F}.Ad-Hoc|ARM.Build.0 = Debug|Any CPU
		{ED9A8DF0-0CBB-4359-9BB2-0B2A084EF07F}.Ad-Hoc|ARM64.ActiveCfg = Debug|Any CPU
		{ED9A8DF0-0CBB-4359-9BB2-0B2A084EF07F}.Ad-Hoc|ARM64.Build.0 = Debug|Any CPU
		{ED9A8DF0-0CBB-4359-9BB2-0B2A084EF07F}.Ad-Hoc|iPhone.ActiveCfg = Debug|Any CPU
		{ED9A8DF0-0CBB-4359-9BB2-0B2A084EF07F}.Ad-Hoc|iPhone.Build.0 = Debug|Any CPU
		{ED9A8DF0-0CBB-4359-9BB2-0B2A084EF07F}.Ad-Hoc|iPhoneSimulator.ActiveCfg = Debug|Any CPU
		{ED9A8DF0-0CBB-4359-9BB2-0B2A084EF07F}.Ad-Hoc|iPhoneSimulator.Build.0 = Debug|Any CPU
		{ED9A8DF0-0CBB-4359-9BB2-0B2A084EF07F}.Ad-Hoc|x64.ActiveCfg = Debug|Any CPU
		{ED9A8DF0-0CBB-4359-9BB2-0B2A084EF07F}.Ad-Hoc|x64.Build.0 = Debug|Any CPU
		{ED9A8DF0-0CBB-4359-9BB2-0B2A084EF07F}.Ad-Hoc|x86.ActiveCfg = Debug|Any CPU
		{ED9A8DF0-0CBB-4359-9BB2-0B2A084EF07F}.Ad-Hoc|x86.Build.0 = Debug|Any CPU
		{ED9A8DF0-0CBB-4359-9BB2-0B2A084EF07F}.AppStore|Any CPU.ActiveCfg = Debug|Any CPU
		{ED9A8DF0-0CBB-4359-9BB2-0B2A084EF07F}.AppStore|Any CPU.Build.0 = Debug|Any CPU
		{ED9A8DF0-0CBB-4359-9BB2-0B2A084EF07F}.AppStore|ARM.ActiveCfg = Debug|Any CPU
		{ED9A8DF0-0CBB-4359-9BB2-0B2A084EF07F}.AppStore|ARM.Build.0 = Debug|Any CPU
		{ED9A8DF0-0CBB-4359-9BB2-0B2A084EF07F}.AppStore|ARM64.ActiveCfg = Debug|Any CPU
		{ED9A8DF0-0CBB-4359-9BB2-0B2A084EF07F}.AppStore|ARM64.Build.0 = Debug|Any CPU
		{ED9A8DF0-0CBB-4359-9BB2-0B2A084EF07F}.AppStore|iPhone.ActiveCfg = Debug|Any CPU
		{ED9A8DF0-0CBB-4359-9BB2-0B2A084EF07F}.AppStore|iPhone.Build.0 = Debug|Any CPU
		{ED9A8DF0-0CBB-4359-9BB2-0B2A084EF07F}.AppStore|iPhoneSimulator.ActiveCfg = Debug|Any CPU
		{ED9A8DF0-0CBB-4359-9BB2-0B2A084EF07F}.AppStore|iPhoneSimulator.Build.0 = Debug|Any CPU
		{ED9A8DF0-0CBB-4359-9BB2-0B2A084EF07F}.AppStore|x64.ActiveCfg = Debug|Any CPU
		{ED9A8DF0-0CBB-4359-9BB2-0B2A084EF07F}.AppStore|x64.Build.0 = Debug|Any CPU
		{ED9A8DF0-0CBB-4359-9BB2-0B2A084EF07F}.AppStore|x86.ActiveCfg = Debug|Any CPU
		{ED9A8DF0-0CBB-4359-9BB2-0B2A084EF07F}.AppStore|x86.Build.0 = Debug|Any CPU
		{ED9A8DF0-0CBB-4359-9BB2-0B2A084EF07F}.Debug|Any CPU.ActiveCfg = Debug|Any CPU
		{ED9A8DF0-0CBB-4359-9BB2-0B2A084EF07F}.Debug|Any CPU.Build.0 = Debug|Any CPU
		{ED9A8DF0-0CBB-4359-9BB2-0B2A084EF07F}.Debug|ARM.ActiveCfg = Debug|Any CPU
		{ED9A8DF0-0CBB-4359-9BB2-0B2A084EF07F}.Debug|ARM.Build.0 = Debug|Any CPU
		{ED9A8DF0-0CBB-4359-9BB2-0B2A084EF07F}.Debug|ARM64.ActiveCfg = Debug|Any CPU
		{ED9A8DF0-0CBB-4359-9BB2-0B2A084EF07F}.Debug|ARM64.Build.0 = Debug|Any CPU
		{ED9A8DF0-0CBB-4359-9BB2-0B2A084EF07F}.Debug|iPhone.ActiveCfg = Debug|Any CPU
		{ED9A8DF0-0CBB-4359-9BB2-0B2A084EF07F}.Debug|iPhone.Build.0 = Debug|Any CPU
		{ED9A8DF0-0CBB-4359-9BB2-0B2A084EF07F}.Debug|iPhoneSimulator.ActiveCfg = Debug|Any CPU
		{ED9A8DF0-0CBB-4359-9BB2-0B2A084EF07F}.Debug|iPhoneSimulator.Build.0 = Debug|Any CPU
		{ED9A8DF0-0CBB-4359-9BB2-0B2A084EF07F}.Debug|x64.ActiveCfg = Debug|Any CPU
		{ED9A8DF0-0CBB-4359-9BB2-0B2A084EF07F}.Debug|x64.Build.0 = Debug|Any CPU
		{ED9A8DF0-0CBB-4359-9BB2-0B2A084EF07F}.Debug|x86.ActiveCfg = Debug|Any CPU
		{ED9A8DF0-0CBB-4359-9BB2-0B2A084EF07F}.Debug|x86.Build.0 = Debug|Any CPU
		{ED9A8DF0-0CBB-4359-9BB2-0B2A084EF07F}.Release|Any CPU.ActiveCfg = Release|Any CPU
		{ED9A8DF0-0CBB-4359-9BB2-0B2A084EF07F}.Release|Any CPU.Build.0 = Release|Any CPU
		{ED9A8DF0-0CBB-4359-9BB2-0B2A084EF07F}.Release|ARM.ActiveCfg = Release|Any CPU
		{ED9A8DF0-0CBB-4359-9BB2-0B2A084EF07F}.Release|ARM.Build.0 = Release|Any CPU
		{ED9A8DF0-0CBB-4359-9BB2-0B2A084EF07F}.Release|ARM64.ActiveCfg = Release|Any CPU
		{ED9A8DF0-0CBB-4359-9BB2-0B2A084EF07F}.Release|ARM64.Build.0 = Release|Any CPU
		{ED9A8DF0-0CBB-4359-9BB2-0B2A084EF07F}.Release|iPhone.ActiveCfg = Release|Any CPU
		{ED9A8DF0-0CBB-4359-9BB2-0B2A084EF07F}.Release|iPhone.Build.0 = Release|Any CPU
		{ED9A8DF0-0CBB-4359-9BB2-0B2A084EF07F}.Release|iPhoneSimulator.ActiveCfg = Release|Any CPU
		{ED9A8DF0-0CBB-4359-9BB2-0B2A084EF07F}.Release|iPhoneSimulator.Build.0 = Release|Any CPU
		{ED9A8DF0-0CBB-4359-9BB2-0B2A084EF07F}.Release|x64.ActiveCfg = Release|Any CPU
		{ED9A8DF0-0CBB-4359-9BB2-0B2A084EF07F}.Release|x64.Build.0 = Release|Any CPU
		{ED9A8DF0-0CBB-4359-9BB2-0B2A084EF07F}.Release|x86.ActiveCfg = Release|Any CPU
		{ED9A8DF0-0CBB-4359-9BB2-0B2A084EF07F}.Release|x86.Build.0 = Release|Any CPU
		{0751CBF9-B8F7-42BD-A8E9-46837C4EEEC5}.Ad-Hoc|Any CPU.ActiveCfg = Debug|Any CPU
		{0751CBF9-B8F7-42BD-A8E9-46837C4EEEC5}.Ad-Hoc|Any CPU.Build.0 = Debug|Any CPU
		{0751CBF9-B8F7-42BD-A8E9-46837C4EEEC5}.Ad-Hoc|ARM.ActiveCfg = Debug|Any CPU
		{0751CBF9-B8F7-42BD-A8E9-46837C4EEEC5}.Ad-Hoc|ARM.Build.0 = Debug|Any CPU
		{0751CBF9-B8F7-42BD-A8E9-46837C4EEEC5}.Ad-Hoc|ARM64.ActiveCfg = Debug|Any CPU
		{0751CBF9-B8F7-42BD-A8E9-46837C4EEEC5}.Ad-Hoc|ARM64.Build.0 = Debug|Any CPU
		{0751CBF9-B8F7-42BD-A8E9-46837C4EEEC5}.Ad-Hoc|iPhone.ActiveCfg = Debug|Any CPU
		{0751CBF9-B8F7-42BD-A8E9-46837C4EEEC5}.Ad-Hoc|iPhone.Build.0 = Debug|Any CPU
		{0751CBF9-B8F7-42BD-A8E9-46837C4EEEC5}.Ad-Hoc|iPhoneSimulator.ActiveCfg = Debug|Any CPU
		{0751CBF9-B8F7-42BD-A8E9-46837C4EEEC5}.Ad-Hoc|iPhoneSimulator.Build.0 = Debug|Any CPU
		{0751CBF9-B8F7-42BD-A8E9-46837C4EEEC5}.Ad-Hoc|x64.ActiveCfg = Debug|Any CPU
		{0751CBF9-B8F7-42BD-A8E9-46837C4EEEC5}.Ad-Hoc|x64.Build.0 = Debug|Any CPU
		{0751CBF9-B8F7-42BD-A8E9-46837C4EEEC5}.Ad-Hoc|x86.ActiveCfg = Debug|Any CPU
		{0751CBF9-B8F7-42BD-A8E9-46837C4EEEC5}.Ad-Hoc|x86.Build.0 = Debug|Any CPU
		{0751CBF9-B8F7-42BD-A8E9-46837C4EEEC5}.AppStore|Any CPU.ActiveCfg = Debug|Any CPU
		{0751CBF9-B8F7-42BD-A8E9-46837C4EEEC5}.AppStore|Any CPU.Build.0 = Debug|Any CPU
		{0751CBF9-B8F7-42BD-A8E9-46837C4EEEC5}.AppStore|ARM.ActiveCfg = Debug|Any CPU
		{0751CBF9-B8F7-42BD-A8E9-46837C4EEEC5}.AppStore|ARM.Build.0 = Debug|Any CPU
		{0751CBF9-B8F7-42BD-A8E9-46837C4EEEC5}.AppStore|ARM64.ActiveCfg = Debug|Any CPU
		{0751CBF9-B8F7-42BD-A8E9-46837C4EEEC5}.AppStore|ARM64.Build.0 = Debug|Any CPU
		{0751CBF9-B8F7-42BD-A8E9-46837C4EEEC5}.AppStore|iPhone.ActiveCfg = Debug|Any CPU
		{0751CBF9-B8F7-42BD-A8E9-46837C4EEEC5}.AppStore|iPhone.Build.0 = Debug|Any CPU
		{0751CBF9-B8F7-42BD-A8E9-46837C4EEEC5}.AppStore|iPhoneSimulator.ActiveCfg = Debug|Any CPU
		{0751CBF9-B8F7-42BD-A8E9-46837C4EEEC5}.AppStore|iPhoneSimulator.Build.0 = Debug|Any CPU
		{0751CBF9-B8F7-42BD-A8E9-46837C4EEEC5}.AppStore|x64.ActiveCfg = Debug|Any CPU
		{0751CBF9-B8F7-42BD-A8E9-46837C4EEEC5}.AppStore|x64.Build.0 = Debug|Any CPU
		{0751CBF9-B8F7-42BD-A8E9-46837C4EEEC5}.AppStore|x86.ActiveCfg = Debug|Any CPU
		{0751CBF9-B8F7-42BD-A8E9-46837C4EEEC5}.AppStore|x86.Build.0 = Debug|Any CPU
		{0751CBF9-B8F7-42BD-A8E9-46837C4EEEC5}.Debug|Any CPU.ActiveCfg = Debug|Any CPU
		{0751CBF9-B8F7-42BD-A8E9-46837C4EEEC5}.Debug|Any CPU.Build.0 = Debug|Any CPU
		{0751CBF9-B8F7-42BD-A8E9-46837C4EEEC5}.Debug|ARM.ActiveCfg = Debug|Any CPU
		{0751CBF9-B8F7-42BD-A8E9-46837C4EEEC5}.Debug|ARM.Build.0 = Debug|Any CPU
		{0751CBF9-B8F7-42BD-A8E9-46837C4EEEC5}.Debug|ARM64.ActiveCfg = Debug|Any CPU
		{0751CBF9-B8F7-42BD-A8E9-46837C4EEEC5}.Debug|ARM64.Build.0 = Debug|Any CPU
		{0751CBF9-B8F7-42BD-A8E9-46837C4EEEC5}.Debug|iPhone.ActiveCfg = Debug|Any CPU
		{0751CBF9-B8F7-42BD-A8E9-46837C4EEEC5}.Debug|iPhone.Build.0 = Debug|Any CPU
		{0751CBF9-B8F7-42BD-A8E9-46837C4EEEC5}.Debug|iPhoneSimulator.ActiveCfg = Debug|Any CPU
		{0751CBF9-B8F7-42BD-A8E9-46837C4EEEC5}.Debug|iPhoneSimulator.Build.0 = Debug|Any CPU
		{0751CBF9-B8F7-42BD-A8E9-46837C4EEEC5}.Debug|x64.ActiveCfg = Debug|Any CPU
		{0751CBF9-B8F7-42BD-A8E9-46837C4EEEC5}.Debug|x64.Build.0 = Debug|Any CPU
		{0751CBF9-B8F7-42BD-A8E9-46837C4EEEC5}.Debug|x86.ActiveCfg = Debug|Any CPU
		{0751CBF9-B8F7-42BD-A8E9-46837C4EEEC5}.Debug|x86.Build.0 = Debug|Any CPU
		{0751CBF9-B8F7-42BD-A8E9-46837C4EEEC5}.Release|Any CPU.ActiveCfg = Release|Any CPU
		{0751CBF9-B8F7-42BD-A8E9-46837C4EEEC5}.Release|Any CPU.Build.0 = Release|Any CPU
		{0751CBF9-B8F7-42BD-A8E9-46837C4EEEC5}.Release|ARM.ActiveCfg = Release|Any CPU
		{0751CBF9-B8F7-42BD-A8E9-46837C4EEEC5}.Release|ARM.Build.0 = Release|Any CPU
		{0751CBF9-B8F7-42BD-A8E9-46837C4EEEC5}.Release|ARM64.ActiveCfg = Release|Any CPU
		{0751CBF9-B8F7-42BD-A8E9-46837C4EEEC5}.Release|ARM64.Build.0 = Release|Any CPU
		{0751CBF9-B8F7-42BD-A8E9-46837C4EEEC5}.Release|iPhone.ActiveCfg = Release|Any CPU
		{0751CBF9-B8F7-42BD-A8E9-46837C4EEEC5}.Release|iPhone.Build.0 = Release|Any CPU
		{0751CBF9-B8F7-42BD-A8E9-46837C4EEEC5}.Release|iPhoneSimulator.ActiveCfg = Release|Any CPU
		{0751CBF9-B8F7-42BD-A8E9-46837C4EEEC5}.Release|iPhoneSimulator.Build.0 = Release|Any CPU
		{0751CBF9-B8F7-42BD-A8E9-46837C4EEEC5}.Release|x64.ActiveCfg = Release|Any CPU
		{0751CBF9-B8F7-42BD-A8E9-46837C4EEEC5}.Release|x64.Build.0 = Release|Any CPU
		{0751CBF9-B8F7-42BD-A8E9-46837C4EEEC5}.Release|x86.ActiveCfg = Release|Any CPU
		{0751CBF9-B8F7-42BD-A8E9-46837C4EEEC5}.Release|x86.Build.0 = Release|Any CPU
		{34906041-E1A5-4D03-85C7-FBED189E0554}.Ad-Hoc|Any CPU.ActiveCfg = Debug|Any CPU
		{34906041-E1A5-4D03-85C7-FBED189E0554}.Ad-Hoc|Any CPU.Build.0 = Debug|Any CPU
		{34906041-E1A5-4D03-85C7-FBED189E0554}.Ad-Hoc|ARM.ActiveCfg = Debug|Any CPU
		{34906041-E1A5-4D03-85C7-FBED189E0554}.Ad-Hoc|ARM.Build.0 = Debug|Any CPU
		{34906041-E1A5-4D03-85C7-FBED189E0554}.Ad-Hoc|ARM64.ActiveCfg = Debug|Any CPU
		{34906041-E1A5-4D03-85C7-FBED189E0554}.Ad-Hoc|ARM64.Build.0 = Debug|Any CPU
		{34906041-E1A5-4D03-85C7-FBED189E0554}.Ad-Hoc|iPhone.ActiveCfg = Debug|Any CPU
		{34906041-E1A5-4D03-85C7-FBED189E0554}.Ad-Hoc|iPhone.Build.0 = Debug|Any CPU
		{34906041-E1A5-4D03-85C7-FBED189E0554}.Ad-Hoc|iPhoneSimulator.ActiveCfg = Debug|Any CPU
		{34906041-E1A5-4D03-85C7-FBED189E0554}.Ad-Hoc|iPhoneSimulator.Build.0 = Debug|Any CPU
		{34906041-E1A5-4D03-85C7-FBED189E0554}.Ad-Hoc|x64.ActiveCfg = Debug|Any CPU
		{34906041-E1A5-4D03-85C7-FBED189E0554}.Ad-Hoc|x64.Build.0 = Debug|Any CPU
		{34906041-E1A5-4D03-85C7-FBED189E0554}.Ad-Hoc|x86.ActiveCfg = Debug|Any CPU
		{34906041-E1A5-4D03-85C7-FBED189E0554}.Ad-Hoc|x86.Build.0 = Debug|Any CPU
		{34906041-E1A5-4D03-85C7-FBED189E0554}.AppStore|Any CPU.ActiveCfg = Debug|Any CPU
		{34906041-E1A5-4D03-85C7-FBED189E0554}.AppStore|Any CPU.Build.0 = Debug|Any CPU
		{34906041-E1A5-4D03-85C7-FBED189E0554}.AppStore|ARM.ActiveCfg = Debug|Any CPU
		{34906041-E1A5-4D03-85C7-FBED189E0554}.AppStore|ARM.Build.0 = Debug|Any CPU
		{34906041-E1A5-4D03-85C7-FBED189E0554}.AppStore|ARM64.ActiveCfg = Debug|Any CPU
		{34906041-E1A5-4D03-85C7-FBED189E0554}.AppStore|ARM64.Build.0 = Debug|Any CPU
		{34906041-E1A5-4D03-85C7-FBED189E0554}.AppStore|iPhone.ActiveCfg = Debug|Any CPU
		{34906041-E1A5-4D03-85C7-FBED189E0554}.AppStore|iPhone.Build.0 = Debug|Any CPU
		{34906041-E1A5-4D03-85C7-FBED189E0554}.AppStore|iPhoneSimulator.ActiveCfg = Debug|Any CPU
		{34906041-E1A5-4D03-85C7-FBED189E0554}.AppStore|iPhoneSimulator.Build.0 = Debug|Any CPU
		{34906041-E1A5-4D03-85C7-FBED189E0554}.AppStore|x64.ActiveCfg = Debug|Any CPU
		{34906041-E1A5-4D03-85C7-FBED189E0554}.AppStore|x64.Build.0 = Debug|Any CPU
		{34906041-E1A5-4D03-85C7-FBED189E0554}.AppStore|x86.ActiveCfg = Debug|Any CPU
		{34906041-E1A5-4D03-85C7-FBED189E0554}.AppStore|x86.Build.0 = Debug|Any CPU
		{34906041-E1A5-4D03-85C7-FBED189E0554}.Debug|Any CPU.ActiveCfg = Debug|Any CPU
		{34906041-E1A5-4D03-85C7-FBED189E0554}.Debug|Any CPU.Build.0 = Debug|Any CPU
		{34906041-E1A5-4D03-85C7-FBED189E0554}.Debug|ARM.ActiveCfg = Debug|Any CPU
		{34906041-E1A5-4D03-85C7-FBED189E0554}.Debug|ARM.Build.0 = Debug|Any CPU
		{34906041-E1A5-4D03-85C7-FBED189E0554}.Debug|ARM64.ActiveCfg = Debug|Any CPU
		{34906041-E1A5-4D03-85C7-FBED189E0554}.Debug|ARM64.Build.0 = Debug|Any CPU
		{34906041-E1A5-4D03-85C7-FBED189E0554}.Debug|iPhone.ActiveCfg = Debug|Any CPU
		{34906041-E1A5-4D03-85C7-FBED189E0554}.Debug|iPhone.Build.0 = Debug|Any CPU
		{34906041-E1A5-4D03-85C7-FBED189E0554}.Debug|iPhoneSimulator.ActiveCfg = Debug|Any CPU
		{34906041-E1A5-4D03-85C7-FBED189E0554}.Debug|iPhoneSimulator.Build.0 = Debug|Any CPU
		{34906041-E1A5-4D03-85C7-FBED189E0554}.Debug|x64.ActiveCfg = Debug|Any CPU
		{34906041-E1A5-4D03-85C7-FBED189E0554}.Debug|x64.Build.0 = Debug|Any CPU
		{34906041-E1A5-4D03-85C7-FBED189E0554}.Debug|x86.ActiveCfg = Debug|Any CPU
		{34906041-E1A5-4D03-85C7-FBED189E0554}.Debug|x86.Build.0 = Debug|Any CPU
		{34906041-E1A5-4D03-85C7-FBED189E0554}.Release|Any CPU.ActiveCfg = Release|Any CPU
		{34906041-E1A5-4D03-85C7-FBED189E0554}.Release|Any CPU.Build.0 = Release|Any CPU
		{34906041-E1A5-4D03-85C7-FBED189E0554}.Release|ARM.ActiveCfg = Release|Any CPU
		{34906041-E1A5-4D03-85C7-FBED189E0554}.Release|ARM.Build.0 = Release|Any CPU
		{34906041-E1A5-4D03-85C7-FBED189E0554}.Release|ARM64.ActiveCfg = Release|Any CPU
		{34906041-E1A5-4D03-85C7-FBED189E0554}.Release|ARM64.Build.0 = Release|Any CPU
		{34906041-E1A5-4D03-85C7-FBED189E0554}.Release|iPhone.ActiveCfg = Release|Any CPU
		{34906041-E1A5-4D03-85C7-FBED189E0554}.Release|iPhone.Build.0 = Release|Any CPU
		{34906041-E1A5-4D03-85C7-FBED189E0554}.Release|iPhoneSimulator.ActiveCfg = Release|Any CPU
		{34906041-E1A5-4D03-85C7-FBED189E0554}.Release|iPhoneSimulator.Build.0 = Release|Any CPU
		{34906041-E1A5-4D03-85C7-FBED189E0554}.Release|x64.ActiveCfg = Release|Any CPU
		{34906041-E1A5-4D03-85C7-FBED189E0554}.Release|x64.Build.0 = Release|Any CPU
		{34906041-E1A5-4D03-85C7-FBED189E0554}.Release|x86.ActiveCfg = Release|Any CPU
		{34906041-E1A5-4D03-85C7-FBED189E0554}.Release|x86.Build.0 = Release|Any CPU
		{EA439C38-68F7-4965-978C-85EAD9173553}.Ad-Hoc|Any CPU.ActiveCfg = Debug|Any CPU
		{EA439C38-68F7-4965-978C-85EAD9173553}.Ad-Hoc|Any CPU.Build.0 = Debug|Any CPU
		{EA439C38-68F7-4965-978C-85EAD9173553}.Ad-Hoc|ARM.ActiveCfg = Debug|Any CPU
		{EA439C38-68F7-4965-978C-85EAD9173553}.Ad-Hoc|ARM.Build.0 = Debug|Any CPU
		{EA439C38-68F7-4965-978C-85EAD9173553}.Ad-Hoc|ARM64.ActiveCfg = Debug|Any CPU
		{EA439C38-68F7-4965-978C-85EAD9173553}.Ad-Hoc|ARM64.Build.0 = Debug|Any CPU
		{EA439C38-68F7-4965-978C-85EAD9173553}.Ad-Hoc|iPhone.ActiveCfg = Debug|Any CPU
		{EA439C38-68F7-4965-978C-85EAD9173553}.Ad-Hoc|iPhone.Build.0 = Debug|Any CPU
		{EA439C38-68F7-4965-978C-85EAD9173553}.Ad-Hoc|iPhoneSimulator.ActiveCfg = Debug|Any CPU
		{EA439C38-68F7-4965-978C-85EAD9173553}.Ad-Hoc|iPhoneSimulator.Build.0 = Debug|Any CPU
		{EA439C38-68F7-4965-978C-85EAD9173553}.Ad-Hoc|x64.ActiveCfg = Debug|Any CPU
		{EA439C38-68F7-4965-978C-85EAD9173553}.Ad-Hoc|x64.Build.0 = Debug|Any CPU
		{EA439C38-68F7-4965-978C-85EAD9173553}.Ad-Hoc|x86.ActiveCfg = Debug|Any CPU
		{EA439C38-68F7-4965-978C-85EAD9173553}.Ad-Hoc|x86.Build.0 = Debug|Any CPU
		{EA439C38-68F7-4965-978C-85EAD9173553}.AppStore|Any CPU.ActiveCfg = Debug|Any CPU
		{EA439C38-68F7-4965-978C-85EAD9173553}.AppStore|Any CPU.Build.0 = Debug|Any CPU
		{EA439C38-68F7-4965-978C-85EAD9173553}.AppStore|ARM.ActiveCfg = Debug|Any CPU
		{EA439C38-68F7-4965-978C-85EAD9173553}.AppStore|ARM.Build.0 = Debug|Any CPU
		{EA439C38-68F7-4965-978C-85EAD9173553}.AppStore|ARM64.ActiveCfg = Debug|Any CPU
		{EA439C38-68F7-4965-978C-85EAD9173553}.AppStore|ARM64.Build.0 = Debug|Any CPU
		{EA439C38-68F7-4965-978C-85EAD9173553}.AppStore|iPhone.ActiveCfg = Debug|Any CPU
		{EA439C38-68F7-4965-978C-85EAD9173553}.AppStore|iPhone.Build.0 = Debug|Any CPU
		{EA439C38-68F7-4965-978C-85EAD9173553}.AppStore|iPhoneSimulator.ActiveCfg = Debug|Any CPU
		{EA439C38-68F7-4965-978C-85EAD9173553}.AppStore|iPhoneSimulator.Build.0 = Debug|Any CPU
		{EA439C38-68F7-4965-978C-85EAD9173553}.AppStore|x64.ActiveCfg = Debug|Any CPU
		{EA439C38-68F7-4965-978C-85EAD9173553}.AppStore|x64.Build.0 = Debug|Any CPU
		{EA439C38-68F7-4965-978C-85EAD9173553}.AppStore|x86.ActiveCfg = Debug|Any CPU
		{EA439C38-68F7-4965-978C-85EAD9173553}.AppStore|x86.Build.0 = Debug|Any CPU
		{EA439C38-68F7-4965-978C-85EAD9173553}.Debug|Any CPU.ActiveCfg = Debug|Any CPU
		{EA439C38-68F7-4965-978C-85EAD9173553}.Debug|Any CPU.Build.0 = Debug|Any CPU
		{EA439C38-68F7-4965-978C-85EAD9173553}.Debug|ARM.ActiveCfg = Debug|Any CPU
		{EA439C38-68F7-4965-978C-85EAD9173553}.Debug|ARM.Build.0 = Debug|Any CPU
		{EA439C38-68F7-4965-978C-85EAD9173553}.Debug|ARM64.ActiveCfg = Debug|Any CPU
		{EA439C38-68F7-4965-978C-85EAD9173553}.Debug|ARM64.Build.0 = Debug|Any CPU
		{EA439C38-68F7-4965-978C-85EAD9173553}.Debug|iPhone.ActiveCfg = Debug|Any CPU
		{EA439C38-68F7-4965-978C-85EAD9173553}.Debug|iPhone.Build.0 = Debug|Any CPU
		{EA439C38-68F7-4965-978C-85EAD9173553}.Debug|iPhoneSimulator.ActiveCfg = Debug|Any CPU
		{EA439C38-68F7-4965-978C-85EAD9173553}.Debug|iPhoneSimulator.Build.0 = Debug|Any CPU
		{EA439C38-68F7-4965-978C-85EAD9173553}.Debug|x64.ActiveCfg = Debug|Any CPU
		{EA439C38-68F7-4965-978C-85EAD9173553}.Debug|x64.Build.0 = Debug|Any CPU
		{EA439C38-68F7-4965-978C-85EAD9173553}.Debug|x86.ActiveCfg = Debug|Any CPU
		{EA439C38-68F7-4965-978C-85EAD9173553}.Debug|x86.Build.0 = Debug|Any CPU
		{EA439C38-68F7-4965-978C-85EAD9173553}.Release|Any CPU.ActiveCfg = Release|Any CPU
		{EA439C38-68F7-4965-978C-85EAD9173553}.Release|Any CPU.Build.0 = Release|Any CPU
		{EA439C38-68F7-4965-978C-85EAD9173553}.Release|ARM.ActiveCfg = Release|Any CPU
		{EA439C38-68F7-4965-978C-85EAD9173553}.Release|ARM.Build.0 = Release|Any CPU
		{EA439C38-68F7-4965-978C-85EAD9173553}.Release|ARM64.ActiveCfg = Release|Any CPU
		{EA439C38-68F7-4965-978C-85EAD9173553}.Release|ARM64.Build.0 = Release|Any CPU
		{EA439C38-68F7-4965-978C-85EAD9173553}.Release|iPhone.ActiveCfg = Release|Any CPU
		{EA439C38-68F7-4965-978C-85EAD9173553}.Release|iPhone.Build.0 = Release|Any CPU
		{EA439C38-68F7-4965-978C-85EAD9173553}.Release|iPhoneSimulator.ActiveCfg = Release|Any CPU
		{EA439C38-68F7-4965-978C-85EAD9173553}.Release|iPhoneSimulator.Build.0 = Release|Any CPU
		{EA439C38-68F7-4965-978C-85EAD9173553}.Release|x64.ActiveCfg = Release|Any CPU
		{EA439C38-68F7-4965-978C-85EAD9173553}.Release|x64.Build.0 = Release|Any CPU
		{EA439C38-68F7-4965-978C-85EAD9173553}.Release|x86.ActiveCfg = Release|Any CPU
		{EA439C38-68F7-4965-978C-85EAD9173553}.Release|x86.Build.0 = Release|Any CPU
		{02475EB3-4AA4-424A-9BB0-D40608259551}.Ad-Hoc|Any CPU.ActiveCfg = Debug|Any CPU
		{02475EB3-4AA4-424A-9BB0-D40608259551}.Ad-Hoc|Any CPU.Build.0 = Debug|Any CPU
		{02475EB3-4AA4-424A-9BB0-D40608259551}.Ad-Hoc|ARM.ActiveCfg = Debug|Any CPU
		{02475EB3-4AA4-424A-9BB0-D40608259551}.Ad-Hoc|ARM.Build.0 = Debug|Any CPU
		{02475EB3-4AA4-424A-9BB0-D40608259551}.Ad-Hoc|ARM64.ActiveCfg = Debug|Any CPU
		{02475EB3-4AA4-424A-9BB0-D40608259551}.Ad-Hoc|ARM64.Build.0 = Debug|Any CPU
		{02475EB3-4AA4-424A-9BB0-D40608259551}.Ad-Hoc|iPhone.ActiveCfg = Debug|Any CPU
		{02475EB3-4AA4-424A-9BB0-D40608259551}.Ad-Hoc|iPhone.Build.0 = Debug|Any CPU
		{02475EB3-4AA4-424A-9BB0-D40608259551}.Ad-Hoc|iPhoneSimulator.ActiveCfg = Debug|Any CPU
		{02475EB3-4AA4-424A-9BB0-D40608259551}.Ad-Hoc|iPhoneSimulator.Build.0 = Debug|Any CPU
		{02475EB3-4AA4-424A-9BB0-D40608259551}.Ad-Hoc|x64.ActiveCfg = Debug|Any CPU
		{02475EB3-4AA4-424A-9BB0-D40608259551}.Ad-Hoc|x64.Build.0 = Debug|Any CPU
		{02475EB3-4AA4-424A-9BB0-D40608259551}.Ad-Hoc|x86.ActiveCfg = Debug|Any CPU
		{02475EB3-4AA4-424A-9BB0-D40608259551}.Ad-Hoc|x86.Build.0 = Debug|Any CPU
		{02475EB3-4AA4-424A-9BB0-D40608259551}.AppStore|Any CPU.ActiveCfg = Debug|Any CPU
		{02475EB3-4AA4-424A-9BB0-D40608259551}.AppStore|Any CPU.Build.0 = Debug|Any CPU
		{02475EB3-4AA4-424A-9BB0-D40608259551}.AppStore|ARM.ActiveCfg = Debug|Any CPU
		{02475EB3-4AA4-424A-9BB0-D40608259551}.AppStore|ARM.Build.0 = Debug|Any CPU
		{02475EB3-4AA4-424A-9BB0-D40608259551}.AppStore|ARM64.ActiveCfg = Debug|Any CPU
		{02475EB3-4AA4-424A-9BB0-D40608259551}.AppStore|ARM64.Build.0 = Debug|Any CPU
		{02475EB3-4AA4-424A-9BB0-D40608259551}.AppStore|iPhone.ActiveCfg = Debug|Any CPU
		{02475EB3-4AA4-424A-9BB0-D40608259551}.AppStore|iPhone.Build.0 = Debug|Any CPU
		{02475EB3-4AA4-424A-9BB0-D40608259551}.AppStore|iPhoneSimulator.ActiveCfg = Debug|Any CPU
		{02475EB3-4AA4-424A-9BB0-D40608259551}.AppStore|iPhoneSimulator.Build.0 = Debug|Any CPU
		{02475EB3-4AA4-424A-9BB0-D40608259551}.AppStore|x64.ActiveCfg = Debug|Any CPU
		{02475EB3-4AA4-424A-9BB0-D40608259551}.AppStore|x64.Build.0 = Debug|Any CPU
		{02475EB3-4AA4-424A-9BB0-D40608259551}.AppStore|x86.ActiveCfg = Debug|Any CPU
		{02475EB3-4AA4-424A-9BB0-D40608259551}.AppStore|x86.Build.0 = Debug|Any CPU
		{02475EB3-4AA4-424A-9BB0-D40608259551}.Debug|Any CPU.ActiveCfg = Debug|Any CPU
		{02475EB3-4AA4-424A-9BB0-D40608259551}.Debug|Any CPU.Build.0 = Debug|Any CPU
		{02475EB3-4AA4-424A-9BB0-D40608259551}.Debug|ARM.ActiveCfg = Debug|Any CPU
		{02475EB3-4AA4-424A-9BB0-D40608259551}.Debug|ARM.Build.0 = Debug|Any CPU
		{02475EB3-4AA4-424A-9BB0-D40608259551}.Debug|ARM64.ActiveCfg = Debug|Any CPU
		{02475EB3-4AA4-424A-9BB0-D40608259551}.Debug|ARM64.Build.0 = Debug|Any CPU
		{02475EB3-4AA4-424A-9BB0-D40608259551}.Debug|iPhone.ActiveCfg = Debug|Any CPU
		{02475EB3-4AA4-424A-9BB0-D40608259551}.Debug|iPhone.Build.0 = Debug|Any CPU
		{02475EB3-4AA4-424A-9BB0-D40608259551}.Debug|iPhoneSimulator.ActiveCfg = Debug|Any CPU
		{02475EB3-4AA4-424A-9BB0-D40608259551}.Debug|iPhoneSimulator.Build.0 = Debug|Any CPU
		{02475EB3-4AA4-424A-9BB0-D40608259551}.Debug|x64.ActiveCfg = Debug|Any CPU
		{02475EB3-4AA4-424A-9BB0-D40608259551}.Debug|x64.Build.0 = Debug|Any CPU
		{02475EB3-4AA4-424A-9BB0-D40608259551}.Debug|x86.ActiveCfg = Debug|Any CPU
		{02475EB3-4AA4-424A-9BB0-D40608259551}.Debug|x86.Build.0 = Debug|Any CPU
		{02475EB3-4AA4-424A-9BB0-D40608259551}.Release|Any CPU.ActiveCfg = Release|Any CPU
		{02475EB3-4AA4-424A-9BB0-D40608259551}.Release|Any CPU.Build.0 = Release|Any CPU
		{02475EB3-4AA4-424A-9BB0-D40608259551}.Release|ARM.ActiveCfg = Release|Any CPU
		{02475EB3-4AA4-424A-9BB0-D40608259551}.Release|ARM.Build.0 = Release|Any CPU
		{02475EB3-4AA4-424A-9BB0-D40608259551}.Release|ARM64.ActiveCfg = Release|Any CPU
		{02475EB3-4AA4-424A-9BB0-D40608259551}.Release|ARM64.Build.0 = Release|Any CPU
		{02475EB3-4AA4-424A-9BB0-D40608259551}.Release|iPhone.ActiveCfg = Release|Any CPU
		{02475EB3-4AA4-424A-9BB0-D40608259551}.Release|iPhone.Build.0 = Release|Any CPU
		{02475EB3-4AA4-424A-9BB0-D40608259551}.Release|iPhoneSimulator.ActiveCfg = Release|Any CPU
		{02475EB3-4AA4-424A-9BB0-D40608259551}.Release|iPhoneSimulator.Build.0 = Release|Any CPU
		{02475EB3-4AA4-424A-9BB0-D40608259551}.Release|x64.ActiveCfg = Release|Any CPU
		{02475EB3-4AA4-424A-9BB0-D40608259551}.Release|x64.Build.0 = Release|Any CPU
		{02475EB3-4AA4-424A-9BB0-D40608259551}.Release|x86.ActiveCfg = Release|Any CPU
		{02475EB3-4AA4-424A-9BB0-D40608259551}.Release|x86.Build.0 = Release|Any CPU
		{8890BC8D-034C-4347-89DC-CC221018A378}.Ad-Hoc|Any CPU.ActiveCfg = Debug|Any CPU
		{8890BC8D-034C-4347-89DC-CC221018A378}.Ad-Hoc|Any CPU.Build.0 = Debug|Any CPU
		{8890BC8D-034C-4347-89DC-CC221018A378}.Ad-Hoc|ARM.ActiveCfg = Debug|Any CPU
		{8890BC8D-034C-4347-89DC-CC221018A378}.Ad-Hoc|ARM.Build.0 = Debug|Any CPU
		{8890BC8D-034C-4347-89DC-CC221018A378}.Ad-Hoc|ARM64.ActiveCfg = Debug|Any CPU
		{8890BC8D-034C-4347-89DC-CC221018A378}.Ad-Hoc|ARM64.Build.0 = Debug|Any CPU
		{8890BC8D-034C-4347-89DC-CC221018A378}.Ad-Hoc|iPhone.ActiveCfg = Debug|Any CPU
		{8890BC8D-034C-4347-89DC-CC221018A378}.Ad-Hoc|iPhone.Build.0 = Debug|Any CPU
		{8890BC8D-034C-4347-89DC-CC221018A378}.Ad-Hoc|iPhoneSimulator.ActiveCfg = Debug|Any CPU
		{8890BC8D-034C-4347-89DC-CC221018A378}.Ad-Hoc|iPhoneSimulator.Build.0 = Debug|Any CPU
		{8890BC8D-034C-4347-89DC-CC221018A378}.Ad-Hoc|x64.ActiveCfg = Debug|Any CPU
		{8890BC8D-034C-4347-89DC-CC221018A378}.Ad-Hoc|x64.Build.0 = Debug|Any CPU
		{8890BC8D-034C-4347-89DC-CC221018A378}.Ad-Hoc|x86.ActiveCfg = Debug|Any CPU
		{8890BC8D-034C-4347-89DC-CC221018A378}.Ad-Hoc|x86.Build.0 = Debug|Any CPU
		{8890BC8D-034C-4347-89DC-CC221018A378}.AppStore|Any CPU.ActiveCfg = Debug|Any CPU
		{8890BC8D-034C-4347-89DC-CC221018A378}.AppStore|Any CPU.Build.0 = Debug|Any CPU
		{8890BC8D-034C-4347-89DC-CC221018A378}.AppStore|ARM.ActiveCfg = Debug|Any CPU
		{8890BC8D-034C-4347-89DC-CC221018A378}.AppStore|ARM.Build.0 = Debug|Any CPU
		{8890BC8D-034C-4347-89DC-CC221018A378}.AppStore|ARM64.ActiveCfg = Debug|Any CPU
		{8890BC8D-034C-4347-89DC-CC221018A378}.AppStore|ARM64.Build.0 = Debug|Any CPU
		{8890BC8D-034C-4347-89DC-CC221018A378}.AppStore|iPhone.ActiveCfg = Debug|Any CPU
		{8890BC8D-034C-4347-89DC-CC221018A378}.AppStore|iPhone.Build.0 = Debug|Any CPU
		{8890BC8D-034C-4347-89DC-CC221018A378}.AppStore|iPhoneSimulator.ActiveCfg = Debug|Any CPU
		{8890BC8D-034C-4347-89DC-CC221018A378}.AppStore|iPhoneSimulator.Build.0 = Debug|Any CPU
		{8890BC8D-034C-4347-89DC-CC221018A378}.AppStore|x64.ActiveCfg = Debug|Any CPU
		{8890BC8D-034C-4347-89DC-CC221018A378}.AppStore|x64.Build.0 = Debug|Any CPU
		{8890BC8D-034C-4347-89DC-CC221018A378}.AppStore|x86.ActiveCfg = Debug|Any CPU
		{8890BC8D-034C-4347-89DC-CC221018A378}.AppStore|x86.Build.0 = Debug|Any CPU
		{8890BC8D-034C-4347-89DC-CC221018A378}.Debug|Any CPU.ActiveCfg = Debug|Any CPU
		{8890BC8D-034C-4347-89DC-CC221018A378}.Debug|Any CPU.Build.0 = Debug|Any CPU
		{8890BC8D-034C-4347-89DC-CC221018A378}.Debug|ARM.ActiveCfg = Debug|Any CPU
		{8890BC8D-034C-4347-89DC-CC221018A378}.Debug|ARM.Build.0 = Debug|Any CPU
		{8890BC8D-034C-4347-89DC-CC221018A378}.Debug|ARM64.ActiveCfg = Debug|Any CPU
		{8890BC8D-034C-4347-89DC-CC221018A378}.Debug|ARM64.Build.0 = Debug|Any CPU
		{8890BC8D-034C-4347-89DC-CC221018A378}.Debug|iPhone.ActiveCfg = Debug|Any CPU
		{8890BC8D-034C-4347-89DC-CC221018A378}.Debug|iPhone.Build.0 = Debug|Any CPU
		{8890BC8D-034C-4347-89DC-CC221018A378}.Debug|iPhoneSimulator.ActiveCfg = Debug|Any CPU
		{8890BC8D-034C-4347-89DC-CC221018A378}.Debug|iPhoneSimulator.Build.0 = Debug|Any CPU
		{8890BC8D-034C-4347-89DC-CC221018A378}.Debug|x64.ActiveCfg = Debug|Any CPU
		{8890BC8D-034C-4347-89DC-CC221018A378}.Debug|x64.Build.0 = Debug|Any CPU
		{8890BC8D-034C-4347-89DC-CC221018A378}.Debug|x86.ActiveCfg = Debug|Any CPU
		{8890BC8D-034C-4347-89DC-CC221018A378}.Debug|x86.Build.0 = Debug|Any CPU
		{8890BC8D-034C-4347-89DC-CC221018A378}.Release|Any CPU.ActiveCfg = Release|Any CPU
		{8890BC8D-034C-4347-89DC-CC221018A378}.Release|Any CPU.Build.0 = Release|Any CPU
		{8890BC8D-034C-4347-89DC-CC221018A378}.Release|ARM.ActiveCfg = Release|Any CPU
		{8890BC8D-034C-4347-89DC-CC221018A378}.Release|ARM.Build.0 = Release|Any CPU
		{8890BC8D-034C-4347-89DC-CC221018A378}.Release|ARM64.ActiveCfg = Release|Any CPU
		{8890BC8D-034C-4347-89DC-CC221018A378}.Release|ARM64.Build.0 = Release|Any CPU
		{8890BC8D-034C-4347-89DC-CC221018A378}.Release|iPhone.ActiveCfg = Release|Any CPU
		{8890BC8D-034C-4347-89DC-CC221018A378}.Release|iPhone.Build.0 = Release|Any CPU
		{8890BC8D-034C-4347-89DC-CC221018A378}.Release|iPhoneSimulator.ActiveCfg = Release|Any CPU
		{8890BC8D-034C-4347-89DC-CC221018A378}.Release|iPhoneSimulator.Build.0 = Release|Any CPU
		{8890BC8D-034C-4347-89DC-CC221018A378}.Release|x64.ActiveCfg = Release|Any CPU
		{8890BC8D-034C-4347-89DC-CC221018A378}.Release|x64.Build.0 = Release|Any CPU
		{8890BC8D-034C-4347-89DC-CC221018A378}.Release|x86.ActiveCfg = Release|Any CPU
		{8890BC8D-034C-4347-89DC-CC221018A378}.Release|x86.Build.0 = Release|Any CPU
	EndGlobalSection
	GlobalSection(SolutionProperties) = preSolution
		HideSolutionNode = FALSE
	EndGlobalSection
	GlobalSection(NestedProjects) = preSolution
		{E2CEE984-3D12-4A23-989D-A22FCC6669EC} = {0B980574-EA76-4524-A6A0-37E36163823A}
		{5F77F90B-BAED-41D4-9739-5E7A116644EB} = {0B980574-EA76-4524-A6A0-37E36163823A}
		{65F8328B-F797-49B7-BED9-4318EFB3FF04} = {0B980574-EA76-4524-A6A0-37E36163823A}
	EndGlobalSection
	GlobalSection(ExtensibilityGlobals) = postSolution
		SolutionGuid = {EE3348C3-8B90-461F-A5CC-2FB370C605DD}
	EndGlobalSection
EndGlobal
