
Microsoft Visual Studio Solution File, Format Version 12.00
# Visual Studio Version 16
VisualStudioVersion = 16.0.29411.108
MinimumVisualStudioVersion = 10.0.40219.1
Project("{9A19103F-16F7-4668-BE54-9A1E7A4F7556}") = "Epoxy.Wpf", "Epoxy.Wpf\Epoxy.Wpf.csproj", "{1B625B4E-7DBB-45F3-B095-B8016CC592CE}"
EndProject
Project("{2150E333-8FDC-42A3-9474-1A3956D46DE8}") = "Solution Items", "Solution Items", "{39CBF706-FA76-4BBD-8679-8664CABE0DE7}"
	ProjectSection(SolutionItems) = preProject
		.gitignore = .gitignore
		build-nupkg.bat = build-nupkg.bat
		Epoxy.sln.licenseheader = Epoxy.sln.licenseheader
		LICENSE = LICENSE
		README.ja.md = README.ja.md
		README.md = README.md
	EndProjectSection
EndProject
Project("{9A19103F-16F7-4668-BE54-9A1E7A4F7556}") = "Epoxy.Uwp", "Epoxy.Uwp\Epoxy.Uwp.csproj", "{CAE7B7FE-9B7B-4E6C-A9F4-0D3F30E58E0C}"
EndProject
Project("{9A19103F-16F7-4668-BE54-9A1E7A4F7556}") = "Epoxy.Xamarin.Forms", "Epoxy.Xamarin.Forms\Epoxy.Xamarin.Forms.csproj", "{15B90169-2BDF-45FA-ACDB-A45AAD6F3CCA}"
EndProject
Project("{2150E333-8FDC-42A3-9474-1A3956D46DE8}") = "samples", "samples", "{21C50AF6-746E-4FA9-9058-AF2301B23ED8}"
EndProject
Project("{9A19103F-16F7-4668-BE54-9A1E7A4F7556}") = "EpoxyHello.Wpf", "samples\EpoxyHello.Wpf\EpoxyHello.Wpf.csproj", "{08CFD5A6-8FF6-4150-B92F-D83783AA124A}"
EndProject
Project("{FAE04EC0-301F-11D3-BF4B-00C04F79EFBC}") = "EpoxyHello.Xamarin.Forms.Android", "samples\EpoxyHello.Xamarin.Forms\EpoxyHello.Xamarin.Forms.Android\EpoxyHello.Xamarin.Forms.Android.csproj", "{A2C37DCA-16F9-408B-94D7-74A397B54AE5}"
EndProject
Project("{FAE04EC0-301F-11D3-BF4B-00C04F79EFBC}") = "EpoxyHello.Xamarin.Forms.iOS", "samples\EpoxyHello.Xamarin.Forms\EpoxyHello.Xamarin.Forms.iOS\EpoxyHello.Xamarin.Forms.iOS.csproj", "{DF9FBA91-F099-45A9-96BF-406B94516113}"
EndProject
Project("{9A19103F-16F7-4668-BE54-9A1E7A4F7556}") = "EpoxyHello.Xamarin.Forms", "samples\EpoxyHello.Xamarin.Forms\EpoxyHello.Xamarin.Forms\EpoxyHello.Xamarin.Forms.csproj", "{7014D337-8E2C-49F3-B4FF-8FF78D014284}"
EndProject
Project("{9A19103F-16F7-4668-BE54-9A1E7A4F7556}") = "EpoxyHello.Core", "samples\EpoxyHello.Core\EpoxyHello.Core.csproj", "{45093A50-DB02-4BF9-A879-D732204A0F23}"
EndProject
Global
	GlobalSection(SolutionConfigurationPlatforms) = preSolution
		Debug|Any CPU = Debug|Any CPU
		Debug|ARM = Debug|ARM
		Debug|ARM64 = Debug|ARM64
		Debug|iPhone = Debug|iPhone
		Debug|iPhoneSimulator = Debug|iPhoneSimulator
		Debug|x64 = Debug|x64
		Debug|x86 = Debug|x86
		Release|Any CPU = Release|Any CPU
		Release|ARM = Release|ARM
		Release|ARM64 = Release|ARM64
		Release|iPhone = Release|iPhone
		Release|iPhoneSimulator = Release|iPhoneSimulator
		Release|x64 = Release|x64
		Release|x86 = Release|x86
	EndGlobalSection
	GlobalSection(ProjectConfigurationPlatforms) = postSolution
		{1B625B4E-7DBB-45F3-B095-B8016CC592CE}.Debug|Any CPU.ActiveCfg = Debug|Any CPU
		{1B625B4E-7DBB-45F3-B095-B8016CC592CE}.Debug|Any CPU.Build.0 = Debug|Any CPU
		{1B625B4E-7DBB-45F3-B095-B8016CC592CE}.Debug|ARM.ActiveCfg = Debug|Any CPU
		{1B625B4E-7DBB-45F3-B095-B8016CC592CE}.Debug|ARM.Build.0 = Debug|Any CPU
		{1B625B4E-7DBB-45F3-B095-B8016CC592CE}.Debug|ARM64.ActiveCfg = Debug|Any CPU
		{1B625B4E-7DBB-45F3-B095-B8016CC592CE}.Debug|ARM64.Build.0 = Debug|Any CPU
		{1B625B4E-7DBB-45F3-B095-B8016CC592CE}.Debug|iPhone.ActiveCfg = Debug|Any CPU
		{1B625B4E-7DBB-45F3-B095-B8016CC592CE}.Debug|iPhone.Build.0 = Debug|Any CPU
		{1B625B4E-7DBB-45F3-B095-B8016CC592CE}.Debug|iPhoneSimulator.ActiveCfg = Debug|Any CPU
		{1B625B4E-7DBB-45F3-B095-B8016CC592CE}.Debug|iPhoneSimulator.Build.0 = Debug|Any CPU
		{1B625B4E-7DBB-45F3-B095-B8016CC592CE}.Debug|x64.ActiveCfg = Debug|Any CPU
		{1B625B4E-7DBB-45F3-B095-B8016CC592CE}.Debug|x64.Build.0 = Debug|Any CPU
		{1B625B4E-7DBB-45F3-B095-B8016CC592CE}.Debug|x86.ActiveCfg = Debug|Any CPU
		{1B625B4E-7DBB-45F3-B095-B8016CC592CE}.Debug|x86.Build.0 = Debug|Any CPU
		{1B625B4E-7DBB-45F3-B095-B8016CC592CE}.Release|Any CPU.ActiveCfg = Release|Any CPU
		{1B625B4E-7DBB-45F3-B095-B8016CC592CE}.Release|Any CPU.Build.0 = Release|Any CPU
		{1B625B4E-7DBB-45F3-B095-B8016CC592CE}.Release|ARM.ActiveCfg = Release|Any CPU
		{1B625B4E-7DBB-45F3-B095-B8016CC592CE}.Release|ARM.Build.0 = Release|Any CPU
		{1B625B4E-7DBB-45F3-B095-B8016CC592CE}.Release|ARM64.ActiveCfg = Release|Any CPU
		{1B625B4E-7DBB-45F3-B095-B8016CC592CE}.Release|ARM64.Build.0 = Release|Any CPU
		{1B625B4E-7DBB-45F3-B095-B8016CC592CE}.Release|iPhone.ActiveCfg = Release|Any CPU
		{1B625B4E-7DBB-45F3-B095-B8016CC592CE}.Release|iPhone.Build.0 = Release|Any CPU
		{1B625B4E-7DBB-45F3-B095-B8016CC592CE}.Release|iPhoneSimulator.ActiveCfg = Release|Any CPU
		{1B625B4E-7DBB-45F3-B095-B8016CC592CE}.Release|iPhoneSimulator.Build.0 = Release|Any CPU
		{1B625B4E-7DBB-45F3-B095-B8016CC592CE}.Release|x64.ActiveCfg = Release|Any CPU
		{1B625B4E-7DBB-45F3-B095-B8016CC592CE}.Release|x64.Build.0 = Release|Any CPU
		{1B625B4E-7DBB-45F3-B095-B8016CC592CE}.Release|x86.ActiveCfg = Release|Any CPU
		{1B625B4E-7DBB-45F3-B095-B8016CC592CE}.Release|x86.Build.0 = Release|Any CPU
		{CAE7B7FE-9B7B-4E6C-A9F4-0D3F30E58E0C}.Debug|Any CPU.ActiveCfg = Debug|Any CPU
		{CAE7B7FE-9B7B-4E6C-A9F4-0D3F30E58E0C}.Debug|Any CPU.Build.0 = Debug|Any CPU
		{CAE7B7FE-9B7B-4E6C-A9F4-0D3F30E58E0C}.Debug|ARM.ActiveCfg = Debug|Any CPU
		{CAE7B7FE-9B7B-4E6C-A9F4-0D3F30E58E0C}.Debug|ARM.Build.0 = Debug|Any CPU
		{CAE7B7FE-9B7B-4E6C-A9F4-0D3F30E58E0C}.Debug|ARM64.ActiveCfg = Debug|Any CPU
		{CAE7B7FE-9B7B-4E6C-A9F4-0D3F30E58E0C}.Debug|ARM64.Build.0 = Debug|Any CPU
		{CAE7B7FE-9B7B-4E6C-A9F4-0D3F30E58E0C}.Debug|iPhone.ActiveCfg = Debug|Any CPU
		{CAE7B7FE-9B7B-4E6C-A9F4-0D3F30E58E0C}.Debug|iPhone.Build.0 = Debug|Any CPU
		{CAE7B7FE-9B7B-4E6C-A9F4-0D3F30E58E0C}.Debug|iPhoneSimulator.ActiveCfg = Debug|Any CPU
		{CAE7B7FE-9B7B-4E6C-A9F4-0D3F30E58E0C}.Debug|iPhoneSimulator.Build.0 = Debug|Any CPU
		{CAE7B7FE-9B7B-4E6C-A9F4-0D3F30E58E0C}.Debug|x64.ActiveCfg = Debug|Any CPU
		{CAE7B7FE-9B7B-4E6C-A9F4-0D3F30E58E0C}.Debug|x64.Build.0 = Debug|Any CPU
		{CAE7B7FE-9B7B-4E6C-A9F4-0D3F30E58E0C}.Debug|x86.ActiveCfg = Debug|Any CPU
		{CAE7B7FE-9B7B-4E6C-A9F4-0D3F30E58E0C}.Debug|x86.Build.0 = Debug|Any CPU
		{CAE7B7FE-9B7B-4E6C-A9F4-0D3F30E58E0C}.Release|Any CPU.ActiveCfg = Release|Any CPU
		{CAE7B7FE-9B7B-4E6C-A9F4-0D3F30E58E0C}.Release|Any CPU.Build.0 = Release|Any CPU
		{CAE7B7FE-9B7B-4E6C-A9F4-0D3F30E58E0C}.Release|ARM.ActiveCfg = Release|Any CPU
		{CAE7B7FE-9B7B-4E6C-A9F4-0D3F30E58E0C}.Release|ARM.Build.0 = Release|Any CPU
		{CAE7B7FE-9B7B-4E6C-A9F4-0D3F30E58E0C}.Release|ARM64.ActiveCfg = Release|Any CPU
		{CAE7B7FE-9B7B-4E6C-A9F4-0D3F30E58E0C}.Release|ARM64.Build.0 = Release|Any CPU
		{CAE7B7FE-9B7B-4E6C-A9F4-0D3F30E58E0C}.Release|iPhone.ActiveCfg = Release|Any CPU
		{CAE7B7FE-9B7B-4E6C-A9F4-0D3F30E58E0C}.Release|iPhone.Build.0 = Release|Any CPU
		{CAE7B7FE-9B7B-4E6C-A9F4-0D3F30E58E0C}.Release|iPhoneSimulator.ActiveCfg = Release|Any CPU
		{CAE7B7FE-9B7B-4E6C-A9F4-0D3F30E58E0C}.Release|iPhoneSimulator.Build.0 = Release|Any CPU
		{CAE7B7FE-9B7B-4E6C-A9F4-0D3F30E58E0C}.Release|x64.ActiveCfg = Release|Any CPU
		{CAE7B7FE-9B7B-4E6C-A9F4-0D3F30E58E0C}.Release|x64.Build.0 = Release|Any CPU
		{CAE7B7FE-9B7B-4E6C-A9F4-0D3F30E58E0C}.Release|x86.ActiveCfg = Release|Any CPU
		{CAE7B7FE-9B7B-4E6C-A9F4-0D3F30E58E0C}.Release|x86.Build.0 = Release|Any CPU
		{15B90169-2BDF-45FA-ACDB-A45AAD6F3CCA}.Debug|Any CPU.ActiveCfg = Debug|Any CPU
		{15B90169-2BDF-45FA-ACDB-A45AAD6F3CCA}.Debug|Any CPU.Build.0 = Debug|Any CPU
		{15B90169-2BDF-45FA-ACDB-A45AAD6F3CCA}.Debug|ARM.ActiveCfg = Debug|Any CPU
		{15B90169-2BDF-45FA-ACDB-A45AAD6F3CCA}.Debug|ARM.Build.0 = Debug|Any CPU
		{15B90169-2BDF-45FA-ACDB-A45AAD6F3CCA}.Debug|ARM64.ActiveCfg = Debug|Any CPU
		{15B90169-2BDF-45FA-ACDB-A45AAD6F3CCA}.Debug|ARM64.Build.0 = Debug|Any CPU
		{15B90169-2BDF-45FA-ACDB-A45AAD6F3CCA}.Debug|iPhone.ActiveCfg = Debug|Any CPU
		{15B90169-2BDF-45FA-ACDB-A45AAD6F3CCA}.Debug|iPhone.Build.0 = Debug|Any CPU
		{15B90169-2BDF-45FA-ACDB-A45AAD6F3CCA}.Debug|iPhoneSimulator.ActiveCfg = Debug|Any CPU
		{15B90169-2BDF-45FA-ACDB-A45AAD6F3CCA}.Debug|iPhoneSimulator.Build.0 = Debug|Any CPU
		{15B90169-2BDF-45FA-ACDB-A45AAD6F3CCA}.Debug|x64.ActiveCfg = Debug|Any CPU
		{15B90169-2BDF-45FA-ACDB-A45AAD6F3CCA}.Debug|x64.Build.0 = Debug|Any CPU
		{15B90169-2BDF-45FA-ACDB-A45AAD6F3CCA}.Debug|x86.ActiveCfg = Debug|Any CPU
		{15B90169-2BDF-45FA-ACDB-A45AAD6F3CCA}.Debug|x86.Build.0 = Debug|Any CPU
		{15B90169-2BDF-45FA-ACDB-A45AAD6F3CCA}.Release|Any CPU.ActiveCfg = Release|Any CPU
		{15B90169-2BDF-45FA-ACDB-A45AAD6F3CCA}.Release|Any CPU.Build.0 = Release|Any CPU
		{15B90169-2BDF-45FA-ACDB-A45AAD6F3CCA}.Release|ARM.ActiveCfg = Release|Any CPU
		{15B90169-2BDF-45FA-ACDB-A45AAD6F3CCA}.Release|ARM.Build.0 = Release|Any CPU
		{15B90169-2BDF-45FA-ACDB-A45AAD6F3CCA}.Release|ARM64.ActiveCfg = Release|Any CPU
		{15B90169-2BDF-45FA-ACDB-A45AAD6F3CCA}.Release|ARM64.Build.0 = Release|Any CPU
		{15B90169-2BDF-45FA-ACDB-A45AAD6F3CCA}.Release|iPhone.ActiveCfg = Release|Any CPU
		{15B90169-2BDF-45FA-ACDB-A45AAD6F3CCA}.Release|iPhone.Build.0 = Release|Any CPU
		{15B90169-2BDF-45FA-ACDB-A45AAD6F3CCA}.Release|iPhoneSimulator.ActiveCfg = Release|Any CPU
		{15B90169-2BDF-45FA-ACDB-A45AAD6F3CCA}.Release|iPhoneSimulator.Build.0 = Release|Any CPU
		{15B90169-2BDF-45FA-ACDB-A45AAD6F3CCA}.Release|x64.ActiveCfg = Release|Any CPU
		{15B90169-2BDF-45FA-ACDB-A45AAD6F3CCA}.Release|x64.Build.0 = Release|Any CPU
		{15B90169-2BDF-45FA-ACDB-A45AAD6F3CCA}.Release|x86.ActiveCfg = Release|Any CPU
		{15B90169-2BDF-45FA-ACDB-A45AAD6F3CCA}.Release|x86.Build.0 = Release|Any CPU
		{08CFD5A6-8FF6-4150-B92F-D83783AA124A}.Debug|Any CPU.ActiveCfg = Debug|Any CPU
		{08CFD5A6-8FF6-4150-B92F-D83783AA124A}.Debug|Any CPU.Build.0 = Debug|Any CPU
		{08CFD5A6-8FF6-4150-B92F-D83783AA124A}.Debug|ARM.ActiveCfg = Debug|Any CPU
		{08CFD5A6-8FF6-4150-B92F-D83783AA124A}.Debug|ARM.Build.0 = Debug|Any CPU
		{08CFD5A6-8FF6-4150-B92F-D83783AA124A}.Debug|ARM64.ActiveCfg = Debug|Any CPU
		{08CFD5A6-8FF6-4150-B92F-D83783AA124A}.Debug|ARM64.Build.0 = Debug|Any CPU
		{08CFD5A6-8FF6-4150-B92F-D83783AA124A}.Debug|iPhone.ActiveCfg = Debug|Any CPU
		{08CFD5A6-8FF6-4150-B92F-D83783AA124A}.Debug|iPhone.Build.0 = Debug|Any CPU
		{08CFD5A6-8FF6-4150-B92F-D83783AA124A}.Debug|iPhoneSimulator.ActiveCfg = Debug|Any CPU
		{08CFD5A6-8FF6-4150-B92F-D83783AA124A}.Debug|iPhoneSimulator.Build.0 = Debug|Any CPU
		{08CFD5A6-8FF6-4150-B92F-D83783AA124A}.Debug|x64.ActiveCfg = Debug|Any CPU
		{08CFD5A6-8FF6-4150-B92F-D83783AA124A}.Debug|x64.Build.0 = Debug|Any CPU
		{08CFD5A6-8FF6-4150-B92F-D83783AA124A}.Debug|x86.ActiveCfg = Debug|Any CPU
		{08CFD5A6-8FF6-4150-B92F-D83783AA124A}.Debug|x86.Build.0 = Debug|Any CPU
		{08CFD5A6-8FF6-4150-B92F-D83783AA124A}.Release|Any CPU.ActiveCfg = Release|Any CPU
		{08CFD5A6-8FF6-4150-B92F-D83783AA124A}.Release|Any CPU.Build.0 = Release|Any CPU
		{08CFD5A6-8FF6-4150-B92F-D83783AA124A}.Release|ARM.ActiveCfg = Release|Any CPU
		{08CFD5A6-8FF6-4150-B92F-D83783AA124A}.Release|ARM.Build.0 = Release|Any CPU
		{08CFD5A6-8FF6-4150-B92F-D83783AA124A}.Release|ARM64.ActiveCfg = Release|Any CPU
		{08CFD5A6-8FF6-4150-B92F-D83783AA124A}.Release|ARM64.Build.0 = Release|Any CPU
		{08CFD5A6-8FF6-4150-B92F-D83783AA124A}.Release|iPhone.ActiveCfg = Release|Any CPU
		{08CFD5A6-8FF6-4150-B92F-D83783AA124A}.Release|iPhone.Build.0 = Release|Any CPU
		{08CFD5A6-8FF6-4150-B92F-D83783AA124A}.Release|iPhoneSimulator.ActiveCfg = Release|Any CPU
		{08CFD5A6-8FF6-4150-B92F-D83783AA124A}.Release|iPhoneSimulator.Build.0 = Release|Any CPU
		{08CFD5A6-8FF6-4150-B92F-D83783AA124A}.Release|x64.ActiveCfg = Release|Any CPU
		{08CFD5A6-8FF6-4150-B92F-D83783AA124A}.Release|x64.Build.0 = Release|Any CPU
		{08CFD5A6-8FF6-4150-B92F-D83783AA124A}.Release|x86.ActiveCfg = Release|Any CPU
		{08CFD5A6-8FF6-4150-B92F-D83783AA124A}.Release|x86.Build.0 = Release|Any CPU
		{A2C37DCA-16F9-408B-94D7-74A397B54AE5}.Debug|Any CPU.ActiveCfg = Debug|Any CPU
		{A2C37DCA-16F9-408B-94D7-74A397B54AE5}.Debug|Any CPU.Build.0 = Debug|Any CPU
		{A2C37DCA-16F9-408B-94D7-74A397B54AE5}.Debug|Any CPU.Deploy.0 = Debug|Any CPU
		{A2C37DCA-16F9-408B-94D7-74A397B54AE5}.Debug|ARM.ActiveCfg = Debug|Any CPU
		{A2C37DCA-16F9-408B-94D7-74A397B54AE5}.Debug|ARM.Build.0 = Debug|Any CPU
		{A2C37DCA-16F9-408B-94D7-74A397B54AE5}.Debug|ARM.Deploy.0 = Debug|Any CPU
		{A2C37DCA-16F9-408B-94D7-74A397B54AE5}.Debug|ARM64.ActiveCfg = Debug|Any CPU
		{A2C37DCA-16F9-408B-94D7-74A397B54AE5}.Debug|ARM64.Build.0 = Debug|Any CPU
		{A2C37DCA-16F9-408B-94D7-74A397B54AE5}.Debug|ARM64.Deploy.0 = Debug|Any CPU
		{A2C37DCA-16F9-408B-94D7-74A397B54AE5}.Debug|iPhone.ActiveCfg = Debug|Any CPU
		{A2C37DCA-16F9-408B-94D7-74A397B54AE5}.Debug|iPhone.Build.0 = Debug|Any CPU
		{A2C37DCA-16F9-408B-94D7-74A397B54AE5}.Debug|iPhone.Deploy.0 = Debug|Any CPU
		{A2C37DCA-16F9-408B-94D7-74A397B54AE5}.Debug|iPhoneSimulator.ActiveCfg = Debug|Any CPU
		{A2C37DCA-16F9-408B-94D7-74A397B54AE5}.Debug|iPhoneSimulator.Build.0 = Debug|Any CPU
		{A2C37DCA-16F9-408B-94D7-74A397B54AE5}.Debug|iPhoneSimulator.Deploy.0 = Debug|Any CPU
		{A2C37DCA-16F9-408B-94D7-74A397B54AE5}.Debug|x64.ActiveCfg = Debug|Any CPU
		{A2C37DCA-16F9-408B-94D7-74A397B54AE5}.Debug|x64.Build.0 = Debug|Any CPU
		{A2C37DCA-16F9-408B-94D7-74A397B54AE5}.Debug|x64.Deploy.0 = Debug|Any CPU
		{A2C37DCA-16F9-408B-94D7-74A397B54AE5}.Debug|x86.ActiveCfg = Debug|Any CPU
		{A2C37DCA-16F9-408B-94D7-74A397B54AE5}.Debug|x86.Build.0 = Debug|Any CPU
		{A2C37DCA-16F9-408B-94D7-74A397B54AE5}.Debug|x86.Deploy.0 = Debug|Any CPU
		{A2C37DCA-16F9-408B-94D7-74A397B54AE5}.Release|Any CPU.ActiveCfg = Release|Any CPU
		{A2C37DCA-16F9-408B-94D7-74A397B54AE5}.Release|Any CPU.Build.0 = Release|Any CPU
		{A2C37DCA-16F9-408B-94D7-74A397B54AE5}.Release|Any CPU.Deploy.0 = Release|Any CPU
		{A2C37DCA-16F9-408B-94D7-74A397B54AE5}.Release|ARM.ActiveCfg = Release|Any CPU
		{A2C37DCA-16F9-408B-94D7-74A397B54AE5}.Release|ARM.Build.0 = Release|Any CPU
		{A2C37DCA-16F9-408B-94D7-74A397B54AE5}.Release|ARM.Deploy.0 = Release|Any CPU
		{A2C37DCA-16F9-408B-94D7-74A397B54AE5}.Release|ARM64.ActiveCfg = Release|Any CPU
		{A2C37DCA-16F9-408B-94D7-74A397B54AE5}.Release|ARM64.Build.0 = Release|Any CPU
		{A2C37DCA-16F9-408B-94D7-74A397B54AE5}.Release|ARM64.Deploy.0 = Release|Any CPU
		{A2C37DCA-16F9-408B-94D7-74A397B54AE5}.Release|iPhone.ActiveCfg = Release|Any CPU
		{A2C37DCA-16F9-408B-94D7-74A397B54AE5}.Release|iPhone.Build.0 = Release|Any CPU
		{A2C37DCA-16F9-408B-94D7-74A397B54AE5}.Release|iPhone.Deploy.0 = Release|Any CPU
		{A2C37DCA-16F9-408B-94D7-74A397B54AE5}.Release|iPhoneSimulator.ActiveCfg = Release|Any CPU
		{A2C37DCA-16F9-408B-94D7-74A397B54AE5}.Release|iPhoneSimulator.Build.0 = Release|Any CPU
		{A2C37DCA-16F9-408B-94D7-74A397B54AE5}.Release|iPhoneSimulator.Deploy.0 = Release|Any CPU
		{A2C37DCA-16F9-408B-94D7-74A397B54AE5}.Release|x64.ActiveCfg = Release|Any CPU
		{A2C37DCA-16F9-408B-94D7-74A397B54AE5}.Release|x64.Build.0 = Release|Any CPU
		{A2C37DCA-16F9-408B-94D7-74A397B54AE5}.Release|x64.Deploy.0 = Release|Any CPU
		{A2C37DCA-16F9-408B-94D7-74A397B54AE5}.Release|x86.ActiveCfg = Release|Any CPU
		{A2C37DCA-16F9-408B-94D7-74A397B54AE5}.Release|x86.Build.0 = Release|Any CPU
		{A2C37DCA-16F9-408B-94D7-74A397B54AE5}.Release|x86.Deploy.0 = Release|Any CPU
		{DF9FBA91-F099-45A9-96BF-406B94516113}.Debug|Any CPU.ActiveCfg = Debug|iPhoneSimulator
		{DF9FBA91-F099-45A9-96BF-406B94516113}.Debug|ARM.ActiveCfg = Debug|iPhoneSimulator
		{DF9FBA91-F099-45A9-96BF-406B94516113}.Debug|ARM64.ActiveCfg = Debug|iPhoneSimulator
		{DF9FBA91-F099-45A9-96BF-406B94516113}.Debug|iPhone.ActiveCfg = Debug|iPhone
		{DF9FBA91-F099-45A9-96BF-406B94516113}.Debug|iPhone.Build.0 = Debug|iPhone
		{DF9FBA91-F099-45A9-96BF-406B94516113}.Debug|iPhoneSimulator.ActiveCfg = Debug|iPhoneSimulator
		{DF9FBA91-F099-45A9-96BF-406B94516113}.Debug|iPhoneSimulator.Build.0 = Debug|iPhoneSimulator
		{DF9FBA91-F099-45A9-96BF-406B94516113}.Debug|x64.ActiveCfg = Debug|iPhoneSimulator
		{DF9FBA91-F099-45A9-96BF-406B94516113}.Debug|x86.ActiveCfg = Debug|iPhoneSimulator
		{DF9FBA91-F099-45A9-96BF-406B94516113}.Release|Any CPU.ActiveCfg = Release|iPhoneSimulator
		{DF9FBA91-F099-45A9-96BF-406B94516113}.Release|ARM.ActiveCfg = Release|iPhoneSimulator
		{DF9FBA91-F099-45A9-96BF-406B94516113}.Release|ARM64.ActiveCfg = Release|iPhoneSimulator
		{DF9FBA91-F099-45A9-96BF-406B94516113}.Release|iPhone.ActiveCfg = Release|iPhone
		{DF9FBA91-F099-45A9-96BF-406B94516113}.Release|iPhone.Build.0 = Release|iPhone
		{DF9FBA91-F099-45A9-96BF-406B94516113}.Release|iPhoneSimulator.ActiveCfg = Release|iPhoneSimulator
		{DF9FBA91-F099-45A9-96BF-406B94516113}.Release|iPhoneSimulator.Build.0 = Release|iPhoneSimulator
		{DF9FBA91-F099-45A9-96BF-406B94516113}.Release|x64.ActiveCfg = Release|iPhoneSimulator
		{DF9FBA91-F099-45A9-96BF-406B94516113}.Release|x86.ActiveCfg = Release|iPhoneSimulator
		{7014D337-8E2C-49F3-B4FF-8FF78D014284}.Debug|Any CPU.ActiveCfg = Debug|Any CPU
		{7014D337-8E2C-49F3-B4FF-8FF78D014284}.Debug|Any CPU.Build.0 = Debug|Any CPU
		{7014D337-8E2C-49F3-B4FF-8FF78D014284}.Debug|ARM.ActiveCfg = Debug|Any CPU
		{7014D337-8E2C-49F3-B4FF-8FF78D014284}.Debug|ARM.Build.0 = Debug|Any CPU
		{7014D337-8E2C-49F3-B4FF-8FF78D014284}.Debug|ARM64.ActiveCfg = Debug|Any CPU
		{7014D337-8E2C-49F3-B4FF-8FF78D014284}.Debug|ARM64.Build.0 = Debug|Any CPU
		{7014D337-8E2C-49F3-B4FF-8FF78D014284}.Debug|iPhone.ActiveCfg = Debug|Any CPU
		{7014D337-8E2C-49F3-B4FF-8FF78D014284}.Debug|iPhone.Build.0 = Debug|Any CPU
		{7014D337-8E2C-49F3-B4FF-8FF78D014284}.Debug|iPhoneSimulator.ActiveCfg = Debug|Any CPU
		{7014D337-8E2C-49F3-B4FF-8FF78D014284}.Debug|iPhoneSimulator.Build.0 = Debug|Any CPU
		{7014D337-8E2C-49F3-B4FF-8FF78D014284}.Debug|x64.ActiveCfg = Debug|Any CPU
		{7014D337-8E2C-49F3-B4FF-8FF78D014284}.Debug|x64.Build.0 = Debug|Any CPU
		{7014D337-8E2C-49F3-B4FF-8FF78D014284}.Debug|x86.ActiveCfg = Debug|Any CPU
		{7014D337-8E2C-49F3-B4FF-8FF78D014284}.Debug|x86.Build.0 = Debug|Any CPU
		{7014D337-8E2C-49F3-B4FF-8FF78D014284}.Release|Any CPU.ActiveCfg = Release|Any CPU
		{7014D337-8E2C-49F3-B4FF-8FF78D014284}.Release|Any CPU.Build.0 = Release|Any CPU
		{7014D337-8E2C-49F3-B4FF-8FF78D014284}.Release|ARM.ActiveCfg = Release|Any CPU
		{7014D337-8E2C-49F3-B4FF-8FF78D014284}.Release|ARM.Build.0 = Release|Any CPU
		{7014D337-8E2C-49F3-B4FF-8FF78D014284}.Release|ARM64.ActiveCfg = Release|Any CPU
		{7014D337-8E2C-49F3-B4FF-8FF78D014284}.Release|ARM64.Build.0 = Release|Any CPU
		{7014D337-8E2C-49F3-B4FF-8FF78D014284}.Release|iPhone.ActiveCfg = Release|Any CPU
		{7014D337-8E2C-49F3-B4FF-8FF78D014284}.Release|iPhone.Build.0 = Release|Any CPU
		{7014D337-8E2C-49F3-B4FF-8FF78D014284}.Release|iPhoneSimulator.ActiveCfg = Release|Any CPU
		{7014D337-8E2C-49F3-B4FF-8FF78D014284}.Release|iPhoneSimulator.Build.0 = Release|Any CPU
		{7014D337-8E2C-49F3-B4FF-8FF78D014284}.Release|x64.ActiveCfg = Release|Any CPU
		{7014D337-8E2C-49F3-B4FF-8FF78D014284}.Release|x64.Build.0 = Release|Any CPU
		{7014D337-8E2C-49F3-B4FF-8FF78D014284}.Release|x86.ActiveCfg = Release|Any CPU
		{7014D337-8E2C-49F3-B4FF-8FF78D014284}.Release|x86.Build.0 = Release|Any CPU
		{45093A50-DB02-4BF9-A879-D732204A0F23}.Debug|Any CPU.ActiveCfg = Debug|Any CPU
		{45093A50-DB02-4BF9-A879-D732204A0F23}.Debug|Any CPU.Build.0 = Debug|Any CPU
		{45093A50-DB02-4BF9-A879-D732204A0F23}.Debug|ARM.ActiveCfg = Debug|Any CPU
		{45093A50-DB02-4BF9-A879-D732204A0F23}.Debug|ARM.Build.0 = Debug|Any CPU
		{45093A50-DB02-4BF9-A879-D732204A0F23}.Debug|ARM64.ActiveCfg = Debug|Any CPU
		{45093A50-DB02-4BF9-A879-D732204A0F23}.Debug|ARM64.Build.0 = Debug|Any CPU
		{45093A50-DB02-4BF9-A879-D732204A0F23}.Debug|iPhone.ActiveCfg = Debug|Any CPU
		{45093A50-DB02-4BF9-A879-D732204A0F23}.Debug|iPhone.Build.0 = Debug|Any CPU
		{45093A50-DB02-4BF9-A879-D732204A0F23}.Debug|iPhoneSimulator.ActiveCfg = Debug|Any CPU
		{45093A50-DB02-4BF9-A879-D732204A0F23}.Debug|iPhoneSimulator.Build.0 = Debug|Any CPU
		{45093A50-DB02-4BF9-A879-D732204A0F23}.Debug|x64.ActiveCfg = Debug|Any CPU
		{45093A50-DB02-4BF9-A879-D732204A0F23}.Debug|x64.Build.0 = Debug|Any CPU
		{45093A50-DB02-4BF9-A879-D732204A0F23}.Debug|x86.ActiveCfg = Debug|Any CPU
		{45093A50-DB02-4BF9-A879-D732204A0F23}.Debug|x86.Build.0 = Debug|Any CPU
		{45093A50-DB02-4BF9-A879-D732204A0F23}.Release|Any CPU.ActiveCfg = Release|Any CPU
		{45093A50-DB02-4BF9-A879-D732204A0F23}.Release|Any CPU.Build.0 = Release|Any CPU
		{45093A50-DB02-4BF9-A879-D732204A0F23}.Release|ARM.ActiveCfg = Release|Any CPU
		{45093A50-DB02-4BF9-A879-D732204A0F23}.Release|ARM.Build.0 = Release|Any CPU
		{45093A50-DB02-4BF9-A879-D732204A0F23}.Release|ARM64.ActiveCfg = Release|Any CPU
		{45093A50-DB02-4BF9-A879-D732204A0F23}.Release|ARM64.Build.0 = Release|Any CPU
		{45093A50-DB02-4BF9-A879-D732204A0F23}.Release|iPhone.ActiveCfg = Release|Any CPU
		{45093A50-DB02-4BF9-A879-D732204A0F23}.Release|iPhone.Build.0 = Release|Any CPU
		{45093A50-DB02-4BF9-A879-D732204A0F23}.Release|iPhoneSimulator.ActiveCfg = Release|Any CPU
		{45093A50-DB02-4BF9-A879-D732204A0F23}.Release|iPhoneSimulator.Build.0 = Release|Any CPU
		{45093A50-DB02-4BF9-A879-D732204A0F23}.Release|x64.ActiveCfg = Release|Any CPU
		{45093A50-DB02-4BF9-A879-D732204A0F23}.Release|x64.Build.0 = Release|Any CPU
		{45093A50-DB02-4BF9-A879-D732204A0F23}.Release|x86.ActiveCfg = Release|Any CPU
		{45093A50-DB02-4BF9-A879-D732204A0F23}.Release|x86.Build.0 = Release|Any CPU
	EndGlobalSection
	GlobalSection(SolutionProperties) = preSolution
		HideSolutionNode = FALSE
	EndGlobalSection
	GlobalSection(NestedProjects) = preSolution
		{08CFD5A6-8FF6-4150-B92F-D83783AA124A} = {21C50AF6-746E-4FA9-9058-AF2301B23ED8}
		{A2C37DCA-16F9-408B-94D7-74A397B54AE5} = {21C50AF6-746E-4FA9-9058-AF2301B23ED8}
		{DF9FBA91-F099-45A9-96BF-406B94516113} = {21C50AF6-746E-4FA9-9058-AF2301B23ED8}
		{7014D337-8E2C-49F3-B4FF-8FF78D014284} = {21C50AF6-746E-4FA9-9058-AF2301B23ED8}
		{45093A50-DB02-4BF9-A879-D732204A0F23} = {21C50AF6-746E-4FA9-9058-AF2301B23ED8}
	EndGlobalSection
	GlobalSection(ExtensibilityGlobals) = postSolution
		SolutionGuid = {EE3348C3-8B90-461F-A5CC-2FB370C605DD}
	EndGlobalSection
EndGlobal
