
Microsoft Visual Studio Solution File, Format Version 12.00
# Visual Studio Version 16
VisualStudioVersion = 16.0.31005.135
MinimumVisualStudioVersion = 10.0.40219.1
Project("{2150E333-8FDC-42A3-9474-1A3956D46DE8}") = "Solution Items", "Solution Items", "{B668698E-8CA4-4028-9DCF-3459FAB0E666}"
	ProjectSection(SolutionItems) = preProject
		.gitignore = .gitignore
		EpoxyHello.sln.licenseheader = EpoxyHello.sln.licenseheader
		README.md = README.md
	EndProjectSection
EndProject
Project("{6EC3EE1D-3C4E-46DD-8F32-0CC8E7565705}") = "EpoxyHello.Core", "EpoxyHello.Core\EpoxyHello.Core.fsproj", "{339571A1-FFEB-4E13-8CF1-BA6E95FF31BB}"
EndProject
Project("{6EC3EE1D-3C4E-46DD-8F32-0CC8E7565705}") = "EpoxyHello.UI", "EpoxyHello.UI\EpoxyHello.UI.fsproj", "{D0678F9C-AD95-4FFF-AD31-9AA3E8CCAECB}"
EndProject
Project("{6EC3EE1D-3C4E-46DD-8F32-0CC8E7565705}") = "EpoxyHello", "EpoxyHello\EpoxyHello.fsproj", "{B7A6004F-0021-47D5-A268-88BD1EABD4CC}"
EndProject
Global
	GlobalSection(SolutionConfigurationPlatforms) = preSolution
		Debug|Any CPU = Debug|Any CPU
		Release|Any CPU = Release|Any CPU
	EndGlobalSection
	GlobalSection(ProjectConfigurationPlatforms) = postSolution
		{339571A1-FFEB-4E13-8CF1-BA6E95FF31BB}.Debug|Any CPU.ActiveCfg = Debug|Any CPU
		{339571A1-FFEB-4E13-8CF1-BA6E95FF31BB}.Debug|Any CPU.Build.0 = Debug|Any CPU
		{339571A1-FFEB-4E13-8CF1-BA6E95FF31BB}.Release|Any CPU.ActiveCfg = Release|Any CPU
		{339571A1-FFEB-4E13-8CF1-BA6E95FF31BB}.Release|Any CPU.Build.0 = Release|Any CPU
		{D0678F9C-AD95-4FFF-AD31-9AA3E8CCAECB}.Debug|Any CPU.ActiveCfg = Debug|Any CPU
		{D0678F9C-AD95-4FFF-AD31-9AA3E8CCAECB}.Debug|Any CPU.Build.0 = Debug|Any CPU
		{D0678F9C-AD95-4FFF-AD31-9AA3E8CCAECB}.Release|Any CPU.ActiveCfg = Release|Any CPU
		{D0678F9C-AD95-4FFF-AD31-9AA3E8CCAECB}.Release|Any CPU.Build.0 = Release|Any CPU
		{B7A6004F-0021-47D5-A268-88BD1EABD4CC}.Debug|Any CPU.ActiveCfg = Debug|Any CPU
		{B7A6004F-0021-47D5-A268-88BD1EABD4CC}.Debug|Any CPU.Build.0 = Debug|Any CPU
		{B7A6004F-0021-47D5-A268-88BD1EABD4CC}.Release|Any CPU.ActiveCfg = Release|Any CPU
		{B7A6004F-0021-47D5-A268-88BD1EABD4CC}.Release|Any CPU.Build.0 = Release|Any CPU
	EndGlobalSection
	GlobalSection(SolutionProperties) = preSolution
		HideSolutionNode = FALSE
	EndGlobalSection
	GlobalSection(ExtensibilityGlobals) = postSolution
		SolutionGuid = {37A64CEC-DCE3-4FE1-85F0-BAB3AB2DC26D}
	EndGlobalSection
EndGlobal
